{
  "version": 4,
  "terraform_version": "1.1.9",
  "serial": 134,
  "lineage": "35a7cc20-8289-b12a-6480-51fb6f6f17d6",
  "outputs": {},
  "resources": [
    {
      "mode": "managed",
      "type": "aviatrix_spoke_gateway",
      "name": "AWS_Region_1_DEV_SPOKE_GW",
      "provider": "provider[\"registry.terraform.io/aviatrixsystems/aviatrix\"]",
      "instances": [
        {
          "schema_version": 1,
          "attributes": {
            "account_name": "cmcdonnell",
            "allocate_new_eip": true,
            "approved_learned_cidrs": [],
            "availability_domain": null,
            "azure_eip_name_resource_group": null,
            "bgp_ecmp": false,
            "bgp_hold_time": 180,
            "bgp_polling_time": 50,
            "cloud_instance_id": "i-0323ab35cfa65121c",
            "cloud_type": 1,
            "customer_managed_keys": null,
            "customized_spoke_vpc_routes": "",
            "disable_route_propagation": false,
            "eip": "13.58.188.185",
            "enable_active_standby": false,
            "enable_active_standby_preemptive": false,
            "enable_auto_advertise_s2c_cidrs": false,
            "enable_bgp": false,
            "enable_encrypt_volume": true,
            "enable_jumbo_frame": true,
            "enable_learned_cidrs_approval": false,
            "enable_monitor_gateway_subnets": false,
            "enable_private_oob": false,
            "enable_private_vpc_default_route": false,
            "enable_skip_public_route_table_update": false,
            "enable_spot_instance": null,
            "enable_vpc_dns_server": false,
            "fault_domain": null,
            "filtered_spoke_vpc_routes": "",
            "gw_name": "AWS-Region-1-DEV-SPOKE-GW",
            "gw_size": "t2.micro",
            "ha_availability_domain": "",
            "ha_azure_eip_name_resource_group": "",
            "ha_cloud_instance_id": "i-015dcff234d1f3a86",
            "ha_eip": "3.22.153.176",
            "ha_fault_domain": "",
            "ha_gw_name": "AWS-Region-1-DEV-SPOKE-GW-hagw",
            "ha_gw_size": "t2.micro",
            "ha_image_version": "hvm-cloudx-aws-031222",
            "ha_insane_mode_az": "",
            "ha_oob_availability_zone": "",
            "ha_oob_management_subnet": "",
            "ha_private_ip": "10.10.3.72",
            "ha_security_group_id": "sg-0483910b270a0c535",
            "ha_software_version": "6.6.5545",
            "ha_subnet": "10.10.3.64/28",
            "ha_zone": "",
            "id": "AWS-Region-1-DEV-SPOKE-GW",
            "image_version": "hvm-cloudx-aws-031222",
            "included_advertised_spoke_routes": "",
            "insane_mode": false,
            "insane_mode_az": "",
            "learned_cidrs_approval_mode": "gateway",
            "local_as_number": "",
            "manage_transit_gateway_attachment": false,
            "monitor_exclude_list": [],
            "oob_availability_zone": null,
            "oob_management_subnet": null,
            "prepend_as_path": [],
            "private_ip": "10.10.3.57",
            "security_group_id": "sg-07f2161dc2c6ce9ee",
            "single_az_ha": true,
            "single_ip_snat": false,
            "software_version": "6.6.5545",
            "spoke_bgp_manual_advertise_cidrs": [],
            "spot_price": null,
            "subnet": "10.10.3.48/28",
            "tag_list": null,
            "tags": {},
            "transit_gw": null,
            "tunnel_detection_time": 60,
            "vpc_id": "vpc-0aa8caf5b02d0fbc0",
            "vpc_reg": "us-east-2",
            "zone": null
          },
          "sensitive_attributes": [],
          "private": "eyJzY2hlbWFfdmVyc2lvbiI6IjEifQ==",
          "dependencies": [
            "aviatrix_vpc.AWS_Region_1_DEV"
          ]
        }
      ]
    },
    {
      "mode": "managed",
      "type": "aviatrix_spoke_gateway",
      "name": "AWS_Region_1_PROD_SPOKE_GW",
      "provider": "provider[\"registry.terraform.io/aviatrixsystems/aviatrix\"]",
      "instances": [
        {
          "schema_version": 1,
          "attributes": {
            "account_name": "cmcdonnell",
            "allocate_new_eip": true,
            "approved_learned_cidrs": [],
            "availability_domain": null,
            "azure_eip_name_resource_group": null,
            "bgp_ecmp": false,
            "bgp_hold_time": 180,
            "bgp_polling_time": 50,
            "cloud_instance_id": "i-03ccb79c312e2c9e9",
            "cloud_type": 1,
            "customer_managed_keys": null,
            "customized_spoke_vpc_routes": "",
            "disable_route_propagation": false,
            "eip": "18.217.104.243",
            "enable_active_standby": false,
            "enable_active_standby_preemptive": false,
            "enable_auto_advertise_s2c_cidrs": false,
            "enable_bgp": false,
            "enable_encrypt_volume": true,
            "enable_jumbo_frame": true,
            "enable_learned_cidrs_approval": false,
            "enable_monitor_gateway_subnets": false,
            "enable_private_oob": false,
            "enable_private_vpc_default_route": false,
            "enable_skip_public_route_table_update": false,
            "enable_spot_instance": null,
            "enable_vpc_dns_server": false,
            "fault_domain": null,
            "filtered_spoke_vpc_routes": "",
            "gw_name": "AWS-Region-1-PROD-SPOKE-GW",
            "gw_size": "t2.micro",
            "ha_availability_domain": "",
            "ha_azure_eip_name_resource_group": "",
            "ha_cloud_instance_id": "i-0814042a02a837990",
            "ha_eip": "3.128.176.18",
            "ha_fault_domain": "",
            "ha_gw_name": "AWS-Region-1-PROD-SPOKE-GW-hagw",
            "ha_gw_size": "t2.micro",
            "ha_image_version": "hvm-cloudx-aws-031222",
            "ha_insane_mode_az": "",
            "ha_oob_availability_zone": "",
            "ha_oob_management_subnet": "",
            "ha_private_ip": "10.10.1.71",
            "ha_security_group_id": "sg-0e527dd0aa5dbf604",
            "ha_software_version": "6.6.5545",
            "ha_subnet": "10.10.1.64/28",
            "ha_zone": "",
            "id": "AWS-Region-1-PROD-SPOKE-GW",
            "image_version": "hvm-cloudx-aws-031222",
            "included_advertised_spoke_routes": "",
            "insane_mode": false,
            "insane_mode_az": "",
            "learned_cidrs_approval_mode": "gateway",
            "local_as_number": "",
            "manage_transit_gateway_attachment": false,
            "monitor_exclude_list": [],
            "oob_availability_zone": null,
            "oob_management_subnet": null,
            "prepend_as_path": [],
            "private_ip": "10.10.1.61",
            "security_group_id": "sg-01b533db1ea2e6bb0",
            "single_az_ha": true,
            "single_ip_snat": false,
            "software_version": "6.6.5545",
            "spoke_bgp_manual_advertise_cidrs": [],
            "spot_price": null,
            "subnet": "10.10.1.48/28",
            "tag_list": null,
            "tags": {},
            "transit_gw": null,
            "tunnel_detection_time": 60,
            "vpc_id": "vpc-0cc1bf473ec2b3e41",
            "vpc_reg": "us-east-2",
            "zone": null
          },
          "sensitive_attributes": [],
          "private": "eyJzY2hlbWFfdmVyc2lvbiI6IjEifQ==",
          "dependencies": [
            "aviatrix_vpc.AWS_Region_1_PROD"
          ]
        }
      ]
    },
    {
      "mode": "managed",
      "type": "aviatrix_spoke_gateway",
      "name": "AWS_Region_1_SHARED_SPOKE_GW",
      "provider": "provider[\"registry.terraform.io/aviatrixsystems/aviatrix\"]",
      "instances": [
        {
          "schema_version": 1,
          "attributes": {
            "account_name": "cmcdonnell",
            "allocate_new_eip": true,
            "approved_learned_cidrs": [],
            "availability_domain": null,
            "azure_eip_name_resource_group": null,
            "bgp_ecmp": false,
            "bgp_hold_time": 180,
            "bgp_polling_time": 50,
            "cloud_instance_id": "i-020398dd79928bff4",
            "cloud_type": 1,
            "customer_managed_keys": null,
            "customized_spoke_vpc_routes": "",
            "disable_route_propagation": false,
            "eip": "3.130.115.169",
            "enable_active_standby": false,
            "enable_active_standby_preemptive": false,
            "enable_auto_advertise_s2c_cidrs": false,
            "enable_bgp": false,
            "enable_encrypt_volume": true,
            "enable_jumbo_frame": true,
            "enable_learned_cidrs_approval": false,
            "enable_monitor_gateway_subnets": false,
            "enable_private_oob": false,
            "enable_private_vpc_default_route": false,
            "enable_skip_public_route_table_update": false,
            "enable_spot_instance": null,
            "enable_vpc_dns_server": false,
            "fault_domain": null,
            "filtered_spoke_vpc_routes": "",
            "gw_name": "AWS-Region-1-SHARED-SPOKE-GW",
            "gw_size": "t2.micro",
            "ha_availability_domain": "",
            "ha_azure_eip_name_resource_group": "",
            "ha_cloud_instance_id": "i-0fb15e675d94886f9",
            "ha_eip": "3.21.72.242",
            "ha_fault_domain": "",
            "ha_gw_name": "AWS-Region-1-SHARED-SPOKE-GW-hagw",
            "ha_gw_size": "t2.micro",
            "ha_image_version": "hvm-cloudx-aws-031222",
            "ha_insane_mode_az": "",
            "ha_oob_availability_zone": "",
            "ha_oob_management_subnet": "",
            "ha_private_ip": "10.10.2.68",
            "ha_security_group_id": "sg-033ce8a159cf93496",
            "ha_software_version": "6.6.5545",
            "ha_subnet": "10.10.2.64/28",
            "ha_zone": "",
            "id": "AWS-Region-1-SHARED-SPOKE-GW",
            "image_version": "hvm-cloudx-aws-031222",
            "included_advertised_spoke_routes": "",
            "insane_mode": false,
            "insane_mode_az": "",
            "learned_cidrs_approval_mode": "gateway",
            "local_as_number": "",
            "manage_transit_gateway_attachment": false,
            "monitor_exclude_list": [],
            "oob_availability_zone": null,
            "oob_management_subnet": null,
            "prepend_as_path": [],
            "private_ip": "10.10.2.57",
            "security_group_id": "sg-0412955b27cd6caff",
            "single_az_ha": true,
            "single_ip_snat": false,
            "software_version": "6.6.5545",
            "spoke_bgp_manual_advertise_cidrs": [],
            "spot_price": null,
            "subnet": "10.10.2.48/28",
            "tag_list": null,
            "tags": {},
            "transit_gw": null,
            "tunnel_detection_time": 60,
            "vpc_id": "vpc-0dc9113e67c42c6a6",
            "vpc_reg": "us-east-2",
            "zone": null
          },
          "sensitive_attributes": [],
          "private": "eyJzY2hlbWFfdmVyc2lvbiI6IjEifQ==",
          "dependencies": [
            "aviatrix_vpc.AWS_Region_1_SHARED"
          ]
        }
      ]
    },
    {
      "mode": "managed",
      "type": "aviatrix_spoke_gateway",
      "name": "AWS_Region_2_QA1_SPOKE_GW",
      "provider": "provider[\"registry.terraform.io/aviatrixsystems/aviatrix\"]",
      "instances": [
        {
          "schema_version": 1,
          "attributes": {
            "account_name": "cmcdonnell",
            "allocate_new_eip": true,
            "approved_learned_cidrs": [],
            "availability_domain": null,
            "azure_eip_name_resource_group": null,
            "bgp_ecmp": false,
            "bgp_hold_time": 180,
            "bgp_polling_time": 50,
            "cloud_instance_id": "i-0d2bf06a0d1690e4e",
            "cloud_type": 1,
            "customer_managed_keys": null,
            "customized_spoke_vpc_routes": "",
            "disable_route_propagation": false,
            "eip": "50.112.192.44",
            "enable_active_standby": false,
            "enable_active_standby_preemptive": false,
            "enable_auto_advertise_s2c_cidrs": false,
            "enable_bgp": false,
            "enable_encrypt_volume": true,
            "enable_jumbo_frame": true,
            "enable_learned_cidrs_approval": false,
            "enable_monitor_gateway_subnets": false,
            "enable_private_oob": false,
            "enable_private_vpc_default_route": false,
            "enable_skip_public_route_table_update": false,
            "enable_spot_instance": null,
            "enable_vpc_dns_server": false,
            "fault_domain": null,
            "filtered_spoke_vpc_routes": "",
            "gw_name": "AWS-Region-2-QA1-SPOKE-GW",
            "gw_size": "t2.micro",
            "ha_availability_domain": "",
            "ha_azure_eip_name_resource_group": "",
            "ha_cloud_instance_id": "i-0130d171d0e05b250",
            "ha_eip": "52.32.16.71",
            "ha_fault_domain": "",
            "ha_gw_name": "AWS-Region-2-QA1-SPOKE-GW-hagw",
            "ha_gw_size": "t2.micro",
            "ha_image_version": "hvm-cloudx-aws-031222",
            "ha_insane_mode_az": "",
            "ha_oob_availability_zone": "",
            "ha_oob_management_subnet": "",
            "ha_private_ip": "10.20.1.92",
            "ha_security_group_id": "sg-07f24e42152d9b09e",
            "ha_software_version": "6.6.5545",
            "ha_subnet": "10.20.1.80/28",
            "ha_zone": "",
            "id": "AWS-Region-2-QA1-SPOKE-GW",
            "image_version": "hvm-cloudx-aws-031222",
            "included_advertised_spoke_routes": "",
            "insane_mode": false,
            "insane_mode_az": "",
            "learned_cidrs_approval_mode": "gateway",
            "local_as_number": "",
            "manage_transit_gateway_attachment": false,
            "monitor_exclude_list": [],
            "oob_availability_zone": null,
            "oob_management_subnet": null,
            "prepend_as_path": [],
            "private_ip": "10.20.1.72",
            "security_group_id": "sg-02b0709b1bdbcee7d",
            "single_az_ha": true,
            "single_ip_snat": false,
            "software_version": "6.6.5545",
            "spoke_bgp_manual_advertise_cidrs": [],
            "spot_price": null,
            "subnet": "10.20.1.64/28",
            "tag_list": null,
            "tags": {},
            "transit_gw": null,
            "tunnel_detection_time": 60,
            "vpc_id": "vpc-0a11b9f21ca4888a8",
            "vpc_reg": "us-west-2",
            "zone": null
          },
          "sensitive_attributes": [],
          "private": "eyJzY2hlbWFfdmVyc2lvbiI6IjEifQ==",
          "dependencies": [
            "aviatrix_vpc.AWS_Region_2_QA1"
          ]
        }
      ]
    },
    {
      "mode": "managed",
      "type": "aviatrix_spoke_gateway",
      "name": "AWS_Region_2_QA2_SPOKE_GW",
      "provider": "provider[\"registry.terraform.io/aviatrixsystems/aviatrix\"]",
      "instances": [
        {
          "schema_version": 1,
          "attributes": {
            "account_name": "cmcdonnell",
            "allocate_new_eip": true,
            "approved_learned_cidrs": [],
            "availability_domain": null,
            "azure_eip_name_resource_group": null,
            "bgp_ecmp": false,
            "bgp_hold_time": 180,
            "bgp_polling_time": 50,
            "cloud_instance_id": "i-0fec0edef5615568e",
            "cloud_type": 1,
            "customer_managed_keys": null,
            "customized_spoke_vpc_routes": "",
            "disable_route_propagation": false,
            "eip": "100.21.46.149",
            "enable_active_standby": false,
            "enable_active_standby_preemptive": false,
            "enable_auto_advertise_s2c_cidrs": false,
            "enable_bgp": false,
            "enable_encrypt_volume": true,
            "enable_jumbo_frame": true,
            "enable_learned_cidrs_approval": false,
            "enable_monitor_gateway_subnets": false,
            "enable_private_oob": false,
            "enable_private_vpc_default_route": false,
            "enable_skip_public_route_table_update": false,
            "enable_spot_instance": null,
            "enable_vpc_dns_server": false,
            "fault_domain": null,
            "filtered_spoke_vpc_routes": "",
            "gw_name": "AWS-Region-2-QA2-SPOKE-GW",
            "gw_size": "t2.micro",
            "ha_availability_domain": "",
            "ha_azure_eip_name_resource_group": "",
            "ha_cloud_instance_id": "i-0ce3ea6fc800e31f8",
            "ha_eip": "35.167.86.116",
            "ha_fault_domain": "",
            "ha_gw_name": "AWS-Region-2-QA2-SPOKE-GW-hagw",
            "ha_gw_size": "t2.micro",
            "ha_image_version": "hvm-cloudx-aws-031222",
            "ha_insane_mode_az": "",
            "ha_oob_availability_zone": "",
            "ha_oob_management_subnet": "",
            "ha_private_ip": "10.20.2.85",
            "ha_security_group_id": "sg-041fc196757702918",
            "ha_software_version": "6.6.5545",
            "ha_subnet": "10.20.2.80/28",
            "ha_zone": "",
            "id": "AWS-Region-2-QA2-SPOKE-GW",
            "image_version": "hvm-cloudx-aws-031222",
            "included_advertised_spoke_routes": "",
            "insane_mode": false,
            "insane_mode_az": "",
            "learned_cidrs_approval_mode": "gateway",
            "local_as_number": "",
            "manage_transit_gateway_attachment": false,
            "monitor_exclude_list": [],
            "oob_availability_zone": null,
            "oob_management_subnet": null,
            "prepend_as_path": [],
            "private_ip": "10.20.2.75",
            "security_group_id": "sg-00e4c2a789eba3369",
            "single_az_ha": false,
            "single_ip_snat": false,
            "software_version": "6.6.5545",
            "spoke_bgp_manual_advertise_cidrs": [],
            "spot_price": null,
            "subnet": "10.20.2.64/28",
            "tag_list": null,
            "tags": {},
            "transit_gw": null,
            "tunnel_detection_time": 60,
            "vpc_id": "vpc-0fb91180c696b403f",
            "vpc_reg": "us-west-2",
            "zone": null
          },
          "sensitive_attributes": [],
          "private": "eyJzY2hlbWFfdmVyc2lvbiI6IjEifQ==",
          "dependencies": [
            "aviatrix_vpc.AWS_Region_2_QA2"
          ]
        }
      ]
    },
    {
      "mode": "managed",
      "type": "aviatrix_spoke_gateway",
      "name": "Azure_Development_SPOKE_GW",
      "provider": "provider[\"registry.terraform.io/aviatrixsystems/aviatrix\"]",
      "instances": [
        {
          "schema_version": 1,
          "attributes": {
            "account_name": "Azure",
            "allocate_new_eip": true,
            "approved_learned_cidrs": [],
            "availability_domain": null,
            "azure_eip_name_resource_group": null,
            "bgp_ecmp": false,
            "bgp_hold_time": 180,
            "bgp_polling_time": 50,
            "cloud_instance_id": "av-gw-Azure-Development-SPOKE-GW",
            "cloud_type": 8,
            "customer_managed_keys": null,
            "customized_spoke_vpc_routes": "",
            "disable_route_propagation": false,
            "eip": "20.121.74.212",
            "enable_active_standby": false,
            "enable_active_standby_preemptive": false,
            "enable_auto_advertise_s2c_cidrs": false,
            "enable_bgp": false,
            "enable_encrypt_volume": false,
            "enable_jumbo_frame": true,
            "enable_learned_cidrs_approval": false,
            "enable_monitor_gateway_subnets": false,
            "enable_private_oob": false,
            "enable_private_vpc_default_route": false,
            "enable_skip_public_route_table_update": false,
            "enable_spot_instance": null,
            "enable_vpc_dns_server": false,
            "fault_domain": null,
            "filtered_spoke_vpc_routes": "",
            "gw_name": "Azure-Development-SPOKE-GW",
            "gw_size": "Standard_B1ms",
            "ha_availability_domain": null,
            "ha_azure_eip_name_resource_group": null,
            "ha_cloud_instance_id": "av-gw-Azure-Development-SPOKE-GW-hagw",
            "ha_eip": "20.121.79.21",
            "ha_fault_domain": null,
            "ha_gw_name": "Azure-Development-SPOKE-GW-hagw",
            "ha_gw_size": "Standard_B1ms",
            "ha_image_version": "aviatrix-companion-gateway-v8",
            "ha_insane_mode_az": "",
            "ha_oob_availability_zone": null,
            "ha_oob_management_subnet": null,
            "ha_private_ip": "10.50.1.20",
            "ha_security_group_id": "",
            "ha_software_version": "6.6.5545",
            "ha_subnet": "10.50.1.16/28",
            "ha_zone": "",
            "id": "Azure-Development-SPOKE-GW",
            "image_version": "aviatrix-companion-gateway-v8",
            "included_advertised_spoke_routes": "",
            "insane_mode": false,
            "insane_mode_az": "",
            "learned_cidrs_approval_mode": "gateway",
            "local_as_number": "",
            "manage_transit_gateway_attachment": false,
            "monitor_exclude_list": [],
            "oob_availability_zone": null,
            "oob_management_subnet": null,
            "prepend_as_path": [],
            "private_ip": "10.50.1.4",
            "security_group_id": "",
            "single_az_ha": true,
            "single_ip_snat": false,
            "software_version": "6.6.5545",
            "spoke_bgp_manual_advertise_cidrs": [],
            "spot_price": null,
            "subnet": "10.50.1.0/28",
            "tag_list": null,
            "tags": {},
            "transit_gw": null,
            "tunnel_detection_time": 60,
            "vpc_id": "Azure-Development:rg-av-Azure-Development-552142:55a569f0-cfc4-491e-adc2-d99beba38bb9",
            "vpc_reg": "East US",
            "zone": null
          },
          "sensitive_attributes": [],
          "private": "eyJzY2hlbWFfdmVyc2lvbiI6IjEifQ==",
          "dependencies": [
            "aviatrix_vpc.Azure_Development"
          ]
        }
      ]
    },
    {
      "mode": "managed",
      "type": "aviatrix_spoke_gateway",
      "name": "Azure_Prod_SPOKE_GW",
      "provider": "provider[\"registry.terraform.io/aviatrixsystems/aviatrix\"]",
      "instances": [
        {
          "schema_version": 1,
          "attributes": {
            "account_name": "Azure",
            "allocate_new_eip": true,
            "approved_learned_cidrs": [],
            "availability_domain": null,
            "azure_eip_name_resource_group": null,
            "bgp_ecmp": false,
            "bgp_hold_time": 180,
            "bgp_polling_time": 50,
            "cloud_instance_id": "av-gw-Azure-Prod-SPOKE-GW",
            "cloud_type": 8,
            "customer_managed_keys": null,
            "customized_spoke_vpc_routes": "",
            "disable_route_propagation": false,
            "eip": "20.121.74.225",
            "enable_active_standby": false,
            "enable_active_standby_preemptive": false,
            "enable_auto_advertise_s2c_cidrs": false,
            "enable_bgp": false,
            "enable_encrypt_volume": false,
            "enable_jumbo_frame": true,
            "enable_learned_cidrs_approval": false,
            "enable_monitor_gateway_subnets": false,
            "enable_private_oob": false,
            "enable_private_vpc_default_route": false,
            "enable_skip_public_route_table_update": false,
            "enable_spot_instance": null,
            "enable_vpc_dns_server": false,
            "fault_domain": null,
            "filtered_spoke_vpc_routes": "",
            "gw_name": "Azure-Prod-SPOKE-GW",
            "gw_size": "Standard_B1ms",
            "ha_availability_domain": null,
            "ha_azure_eip_name_resource_group": null,
            "ha_cloud_instance_id": "av-gw-Azure-Prod-SPOKE-GW-hagw",
            "ha_eip": "20.121.78.255",
            "ha_fault_domain": null,
            "ha_gw_name": "Azure-Prod-SPOKE-GW-hagw",
            "ha_gw_size": "Standard_B1ms",
            "ha_image_version": "aviatrix-companion-gateway-v8",
            "ha_insane_mode_az": "",
            "ha_oob_availability_zone": null,
            "ha_oob_management_subnet": null,
            "ha_private_ip": "10.40.1.20",
            "ha_security_group_id": "",
            "ha_software_version": "6.6.5545",
            "ha_subnet": "10.40.1.16/28",
            "ha_zone": "",
            "id": "Azure-Prod-SPOKE-GW",
            "image_version": "aviatrix-companion-gateway-v8",
            "included_advertised_spoke_routes": "",
            "insane_mode": false,
            "insane_mode_az": "",
            "learned_cidrs_approval_mode": "gateway",
            "local_as_number": "",
            "manage_transit_gateway_attachment": false,
            "monitor_exclude_list": [],
            "oob_availability_zone": null,
            "oob_management_subnet": null,
            "prepend_as_path": [],
            "private_ip": "10.40.1.4",
            "security_group_id": "",
            "single_az_ha": true,
            "single_ip_snat": false,
            "software_version": "6.6.5545",
            "spoke_bgp_manual_advertise_cidrs": [],
            "spot_price": null,
            "subnet": "10.40.1.0/28",
            "tag_list": null,
            "tags": {},
            "transit_gw": null,
            "tunnel_detection_time": 60,
            "vpc_id": "Azure-Prod:rg-av-Azure-Prod-000553:983a0191-2c0c-4bcb-865a-035c9eb814a2",
            "vpc_reg": "East US",
            "zone": null
          },
          "sensitive_attributes": [],
          "private": "eyJzY2hlbWFfdmVyc2lvbiI6IjEifQ==",
          "dependencies": [
            "aviatrix_vpc.Azure_Prod"
          ]
        }
      ]
    },
    {
      "mode": "managed",
      "type": "aviatrix_spoke_gateway",
      "name": "Azure_QandA_SPOKE_GW",
      "provider": "provider[\"registry.terraform.io/aviatrixsystems/aviatrix\"]",
      "instances": [
        {
          "schema_version": 1,
          "attributes": {
            "account_name": "Azure",
            "allocate_new_eip": true,
            "approved_learned_cidrs": [],
            "availability_domain": null,
            "azure_eip_name_resource_group": null,
            "bgp_ecmp": false,
            "bgp_hold_time": 180,
            "bgp_polling_time": 50,
            "cloud_instance_id": "av-gw-Azure-QandA-SPOKE-GW",
            "cloud_type": 8,
            "customer_managed_keys": null,
            "customized_spoke_vpc_routes": "",
            "disable_route_propagation": false,
            "eip": "20.121.74.140",
            "enable_active_standby": false,
            "enable_active_standby_preemptive": false,
            "enable_auto_advertise_s2c_cidrs": false,
            "enable_bgp": false,
            "enable_encrypt_volume": false,
            "enable_jumbo_frame": true,
            "enable_learned_cidrs_approval": false,
            "enable_monitor_gateway_subnets": false,
            "enable_private_oob": false,
            "enable_private_vpc_default_route": false,
            "enable_skip_public_route_table_update": false,
            "enable_spot_instance": null,
            "enable_vpc_dns_server": false,
            "fault_domain": null,
            "filtered_spoke_vpc_routes": "",
            "gw_name": "Azure-QandA-SPOKE-GW",
            "gw_size": "Standard_B1ms",
            "ha_availability_domain": null,
            "ha_azure_eip_name_resource_group": null,
            "ha_cloud_instance_id": "av-gw-Azure-QandA-SPOKE-GW-hagw",
            "ha_eip": "20.121.78.242",
            "ha_fault_domain": null,
            "ha_gw_name": "Azure-QandA-SPOKE-GW-hagw",
            "ha_gw_size": "Standard_B1ms",
            "ha_image_version": "aviatrix-companion-gateway-v8",
            "ha_insane_mode_az": "",
            "ha_oob_availability_zone": null,
            "ha_oob_management_subnet": null,
            "ha_private_ip": "10.60.1.20",
            "ha_security_group_id": "",
            "ha_software_version": "6.6.5545",
            "ha_subnet": "10.60.1.16/28",
            "ha_zone": "",
            "id": "Azure-QandA-SPOKE-GW",
            "image_version": "aviatrix-companion-gateway-v8",
            "included_advertised_spoke_routes": "",
            "insane_mode": false,
            "insane_mode_az": "",
            "learned_cidrs_approval_mode": "gateway",
            "local_as_number": "",
            "manage_transit_gateway_attachment": false,
            "monitor_exclude_list": [],
            "oob_availability_zone": null,
            "oob_management_subnet": null,
            "prepend_as_path": [],
            "private_ip": "10.60.1.4",
            "security_group_id": "",
            "single_az_ha": true,
            "single_ip_snat": false,
            "software_version": "6.6.5545",
            "spoke_bgp_manual_advertise_cidrs": [],
            "spot_price": null,
            "subnet": "10.60.1.0/28",
            "tag_list": null,
            "tags": {},
            "transit_gw": null,
            "tunnel_detection_time": 60,
            "vpc_id": "Azure-QandA:rg-av-Azure-QandA-261079:7e3dd38c-5599-4297-ac9e-0baea3b98d8d",
            "vpc_reg": "East US",
            "zone": null
          },
          "sensitive_attributes": [],
          "private": "eyJzY2hlbWFfdmVyc2lvbiI6IjEifQ==",
          "dependencies": [
            "aviatrix_vpc.Azure_QandA"
          ]
        }
      ]
    },
    {
      "mode": "managed",
      "type": "aviatrix_spoke_gateway",
      "name": "Azure_Shared_SPOKE_GW",
      "provider": "provider[\"registry.terraform.io/aviatrixsystems/aviatrix\"]",
      "instances": [
        {
          "schema_version": 1,
          "attributes": {
            "account_name": "Azure",
            "allocate_new_eip": true,
            "approved_learned_cidrs": [],
            "availability_domain": null,
            "azure_eip_name_resource_group": null,
            "bgp_ecmp": false,
            "bgp_hold_time": 180,
            "bgp_polling_time": 50,
            "cloud_instance_id": "av-gw-Azure-Shared-SPOKE-GW",
            "cloud_type": 8,
            "customer_managed_keys": null,
            "customized_spoke_vpc_routes": "",
            "disable_route_propagation": false,
            "eip": "20.232.249.150",
            "enable_active_standby": false,
            "enable_active_standby_preemptive": false,
            "enable_auto_advertise_s2c_cidrs": false,
            "enable_bgp": false,
            "enable_encrypt_volume": false,
            "enable_jumbo_frame": true,
            "enable_learned_cidrs_approval": false,
            "enable_monitor_gateway_subnets": false,
            "enable_private_oob": false,
            "enable_private_vpc_default_route": false,
            "enable_skip_public_route_table_update": false,
            "enable_spot_instance": null,
            "enable_vpc_dns_server": false,
            "fault_domain": null,
            "filtered_spoke_vpc_routes": "",
            "gw_name": "Azure-Shared-SPOKE-GW",
            "gw_size": "Standard_B1ms",
            "ha_availability_domain": null,
            "ha_azure_eip_name_resource_group": null,
            "ha_cloud_instance_id": "av-gw-Azure-Shared-SPOKE-GW-hagw",
            "ha_eip": "20.232.252.25",
            "ha_fault_domain": null,
            "ha_gw_name": "Azure-Shared-SPOKE-GW-hagw",
            "ha_gw_size": "Standard_B1ms",
            "ha_image_version": "aviatrix-companion-gateway-v8",
            "ha_insane_mode_az": "",
            "ha_oob_availability_zone": null,
            "ha_oob_management_subnet": null,
            "ha_private_ip": "10.30.1.20",
            "ha_security_group_id": "",
            "ha_software_version": "6.6.5545",
            "ha_subnet": "10.30.1.16/28",
            "ha_zone": "",
            "id": "Azure-Shared-SPOKE-GW",
            "image_version": "aviatrix-companion-gateway-v8",
            "included_advertised_spoke_routes": "",
            "insane_mode": false,
            "insane_mode_az": "",
            "learned_cidrs_approval_mode": "gateway",
            "local_as_number": "",
            "manage_transit_gateway_attachment": false,
            "monitor_exclude_list": [],
            "oob_availability_zone": null,
            "oob_management_subnet": null,
            "prepend_as_path": [],
            "private_ip": "10.30.1.4",
            "security_group_id": "",
            "single_az_ha": true,
            "single_ip_snat": false,
            "software_version": "6.6.5545",
            "spoke_bgp_manual_advertise_cidrs": [],
            "spot_price": null,
            "subnet": "10.30.1.0/28",
            "tag_list": null,
            "tags": {},
            "transit_gw": null,
            "tunnel_detection_time": 60,
            "vpc_id": "Azure-Shared:rg-av-Azure-Shared-862042:9c026ecc-da7c-4861-ba02-8a3cdb0278a3",
            "vpc_reg": "East US",
            "zone": null
          },
          "sensitive_attributes": [],
          "private": "eyJzY2hlbWFfdmVyc2lvbiI6IjEifQ==",
          "dependencies": [
            "aviatrix_vpc.Azure_Shared"
          ]
        }
      ]
    },
    {
      "mode": "managed",
      "type": "aviatrix_spoke_transit_attachment",
      "name": "AWS_Region_1_DEV_SPOKE_AWS_Transit_att",
      "provider": "provider[\"registry.terraform.io/aviatrixsystems/aviatrix\"]",
      "instances": [
        {
          "schema_version": 0,
          "attributes": {
            "id": "AWS-Region-1-DEV-SPOKE-GW~AWS-Transit-USE2-GW",
            "route_tables": null,
            "spoke_gw_name": "AWS-Region-1-DEV-SPOKE-GW",
            "transit_gw_name": "AWS-Transit-USE2-GW"
          },
          "sensitive_attributes": [],
          "private": "bnVsbA==",
          "dependencies": [
            "aviatrix_spoke_gateway.AWS_Region_1_DEV_SPOKE_GW",
            "aviatrix_transit_gateway.AWS_Transit_USE2_GW",
            "aviatrix_vpc.AWS_Region_1_DEV",
            "aviatrix_vpc.AWS_Transit"
          ]
        }
      ]
    },
    {
      "mode": "managed",
      "type": "aviatrix_spoke_transit_attachment",
      "name": "AWS_Region_1_PROD_SPOKE_AWS_Transit_att",
      "provider": "provider[\"registry.terraform.io/aviatrixsystems/aviatrix\"]",
      "instances": [
        {
          "schema_version": 0,
          "attributes": {
            "id": "AWS-Region-1-PROD-SPOKE-GW~AWS-Transit-USE2-GW",
            "route_tables": null,
            "spoke_gw_name": "AWS-Region-1-PROD-SPOKE-GW",
            "transit_gw_name": "AWS-Transit-USE2-GW"
          },
          "sensitive_attributes": [],
          "private": "bnVsbA==",
          "dependencies": [
            "aviatrix_spoke_gateway.AWS_Region_1_PROD_SPOKE_GW",
            "aviatrix_transit_gateway.AWS_Transit_USE2_GW",
            "aviatrix_vpc.AWS_Region_1_PROD",
            "aviatrix_vpc.AWS_Transit"
          ]
        }
      ]
    },
    {
      "mode": "managed",
      "type": "aviatrix_spoke_transit_attachment",
      "name": "AWS_Region_1_SHARED_SPOKE_AWS_Transit_att",
      "provider": "provider[\"registry.terraform.io/aviatrixsystems/aviatrix\"]",
      "instances": [
        {
          "schema_version": 0,
          "attributes": {
            "id": "AWS-Region-1-SHARED-SPOKE-GW~AWS-Transit-USE2-GW",
            "route_tables": null,
            "spoke_gw_name": "AWS-Region-1-SHARED-SPOKE-GW",
            "transit_gw_name": "AWS-Transit-USE2-GW"
          },
          "sensitive_attributes": [],
          "private": "bnVsbA==",
          "dependencies": [
            "aviatrix_spoke_gateway.AWS_Region_1_SHARED_SPOKE_GW",
            "aviatrix_transit_gateway.AWS_Transit_USE2_GW",
            "aviatrix_vpc.AWS_Region_1_SHARED",
            "aviatrix_vpc.AWS_Transit"
          ]
        }
      ]
    },
    {
      "mode": "managed",
      "type": "aviatrix_spoke_transit_attachment",
      "name": "AWS_Region_2_QA1_SPOKE_AWS_Transit_USW2_att",
      "provider": "provider[\"registry.terraform.io/aviatrixsystems/aviatrix\"]",
      "instances": [
        {
          "schema_version": 0,
          "attributes": {
            "id": "AWS-Region-2-QA1-SPOKE-GW~AWS-Transit-USW2-GW",
            "route_tables": null,
            "spoke_gw_name": "AWS-Region-2-QA1-SPOKE-GW",
            "transit_gw_name": "AWS-Transit-USW2-GW"
          },
          "sensitive_attributes": [],
          "private": "bnVsbA==",
          "dependencies": [
            "aviatrix_spoke_gateway.AWS_Region_2_QA1_SPOKE_GW",
            "aviatrix_transit_gateway.AWS_Transit_USW2_GW",
            "aviatrix_vpc.AWS_Region_2_QA1",
            "aviatrix_vpc.AWS_Region_2_Transit"
          ]
        }
      ]
    },
    {
      "mode": "managed",
      "type": "aviatrix_spoke_transit_attachment",
      "name": "AWS_Region_2_QA2_SPOKE_AWS_Transit_USW2_att",
      "provider": "provider[\"registry.terraform.io/aviatrixsystems/aviatrix\"]",
      "instances": [
        {
          "schema_version": 0,
          "attributes": {
            "id": "AWS-Region-2-QA2-SPOKE-GW~AWS-Transit-USW2-GW",
            "route_tables": null,
            "spoke_gw_name": "AWS-Region-2-QA2-SPOKE-GW",
            "transit_gw_name": "AWS-Transit-USW2-GW"
          },
          "sensitive_attributes": [],
          "private": "bnVsbA==",
          "dependencies": [
            "aviatrix_spoke_gateway.AWS_Region_2_QA2_SPOKE_GW",
            "aviatrix_transit_gateway.AWS_Transit_USW2_GW",
            "aviatrix_vpc.AWS_Region_2_QA2",
            "aviatrix_vpc.AWS_Region_2_Transit"
          ]
        }
      ]
    },
    {
      "mode": "managed",
      "type": "aviatrix_spoke_transit_attachment",
      "name": "Azure_Prod_SPOKE_Azure_Transit_Firenet_att",
      "provider": "provider[\"registry.terraform.io/aviatrixsystems/aviatrix\"]",
      "instances": [
        {
          "schema_version": 0,
          "attributes": {
            "id": "Azure-Prod-SPOKE-GW~Azure-Transit-Firenet-GW",
            "route_tables": null,
            "spoke_gw_name": "Azure-Prod-SPOKE-GW",
            "transit_gw_name": "Azure-Transit-Firenet-GW"
          },
          "sensitive_attributes": [],
          "private": "bnVsbA==",
          "dependencies": [
            "aviatrix_spoke_gateway.Azure_Prod_SPOKE_GW",
            "aviatrix_transit_gateway.Azure_Transit_Firenet_GW",
            "aviatrix_vpc.Azure_Prod",
            "aviatrix_vpc.Azure_Transit_Firenet"
          ]
        }
      ]
    },
    {
      "mode": "managed",
      "type": "aviatrix_spoke_transit_attachment",
      "name": "Azure_QandA_SPOKE_Azure_Egress_Firenet_att",
      "provider": "provider[\"registry.terraform.io/aviatrixsystems/aviatrix\"]",
      "instances": [
        {
          "schema_version": 0,
          "attributes": {
            "id": "Azure-QandA-SPOKE-GW~Azure-Egress-Firenet-GW",
            "route_tables": null,
            "spoke_gw_name": "Azure-QandA-SPOKE-GW",
            "transit_gw_name": "Azure-Egress-Firenet-GW"
          },
          "sensitive_attributes": [],
          "private": "bnVsbA==",
          "dependencies": [
            "aviatrix_spoke_gateway.Azure_QandA_SPOKE_GW",
            "aviatrix_transit_gateway.Azure_Egress_Firenet_GW",
            "aviatrix_vpc.Azure_Egress_Firenet",
            "aviatrix_vpc.Azure_QandA"
          ]
        }
      ]
    },
    {
      "mode": "managed",
      "type": "aviatrix_spoke_transit_attachment",
      "name": "Azure_Shared_SPOKE_Azure_Transit_Firenet_att",
      "provider": "provider[\"registry.terraform.io/aviatrixsystems/aviatrix\"]",
      "instances": [
        {
          "schema_version": 0,
          "attributes": {
            "id": "Azure-Shared-SPOKE-GW~Azure-Transit-Firenet-GW",
            "route_tables": null,
            "spoke_gw_name": "Azure-Shared-SPOKE-GW",
            "transit_gw_name": "Azure-Transit-Firenet-GW"
          },
          "sensitive_attributes": [],
          "private": "bnVsbA==",
          "dependencies": [
            "aviatrix_spoke_gateway.Azure_Shared_SPOKE_GW",
            "aviatrix_transit_gateway.Azure_Transit_Firenet_GW",
            "aviatrix_vpc.Azure_Shared",
            "aviatrix_vpc.Azure_Transit_Firenet"
          ]
        }
      ]
    },
    {
      "mode": "managed",
      "type": "aviatrix_transit_gateway",
      "name": "AWS_TGW_FIRENET_USE2_GW",
      "provider": "provider[\"registry.terraform.io/aviatrixsystems/aviatrix\"]",
      "instances": [
        {
          "schema_version": 1,
          "attributes": {
            "account_name": "cmcdonnell",
            "allocate_new_eip": true,
            "approved_learned_cidrs": [],
            "availability_domain": null,
            "azure_eip_name_resource_group": null,
            "bgp_ecmp": false,
            "bgp_hold_time": 180,
            "bgp_lan_interfaces": [],
            "bgp_lan_ip_list": [],
            "bgp_manual_spoke_advertise_cidrs": "",
            "bgp_polling_time": "50",
            "cloud_instance_id": "i-0d3401999a862d356",
            "cloud_type": 1,
            "connected_transit": true,
            "customer_managed_keys": null,
            "customized_spoke_vpc_routes": "",
            "customized_transit_vpc_routes": [],
            "eip": "3.140.12.156",
            "enable_active_standby": false,
            "enable_active_standby_preemptive": false,
            "enable_advertise_transit_cidr": false,
            "enable_bgp_over_lan": false,
            "enable_egress_transit_firenet": false,
            "enable_encrypt_volume": true,
            "enable_firenet": false,
            "enable_gateway_load_balancer": false,
            "enable_hybrid_connection": false,
            "enable_jumbo_frame": true,
            "enable_learned_cidrs_approval": false,
            "enable_monitor_gateway_subnets": false,
            "enable_multi_tier_transit": false,
            "enable_private_oob": false,
            "enable_s2c_rx_balancing": false,
            "enable_segmentation": false,
            "enable_spot_instance": null,
            "enable_transit_firenet": false,
            "enable_transit_summarize_cidr_to_tgw": false,
            "enable_vpc_dns_server": false,
            "excluded_advertised_spoke_routes": "",
            "fault_domain": null,
            "filtered_spoke_vpc_routes": "",
            "gw_name": "AWS-TGW-FIRENET-USE2-GW",
            "gw_size": "t2.medium",
            "ha_availability_domain": "",
            "ha_azure_eip_name_resource_group": "",
            "ha_bgp_lan_interfaces": [],
            "ha_bgp_lan_ip_list": [],
            "ha_cloud_instance_id": "i-06dfa3cbba4d28d34",
            "ha_eip": "3.140.212.71",
            "ha_fault_domain": "",
            "ha_gw_name": "AWS-TGW-FIRENET-USE2-GW-hagw",
            "ha_gw_size": "t2.medium",
            "ha_image_version": "hvm-cloudx-aws-031222",
            "ha_insane_mode_az": "",
            "ha_lan_interface_cidr": "",
            "ha_oob_availability_zone": "",
            "ha_oob_management_subnet": "",
            "ha_private_ip": "10.101.0.22",
            "ha_security_group_id": "sg-0e782a194b1a5dcd5",
            "ha_software_version": "6.6.5545",
            "ha_subnet": "10.101.0.16/28",
            "ha_zone": "",
            "id": "AWS-TGW-FIRENET-USE2-GW",
            "image_version": "hvm-cloudx-aws-031222",
            "insane_mode": false,
            "insane_mode_az": "",
            "lan_interface_cidr": "",
            "lan_private_subnet": null,
            "lan_vpc_id": null,
            "learned_cidrs_approval_mode": "gateway",
            "local_as_number": "",
            "monitor_exclude_list": [],
            "oob_availability_zone": null,
            "oob_management_subnet": null,
            "prepend_as_path": [],
            "private_ip": "10.101.0.7",
            "security_group_id": "sg-01b2c23112ff15fe7",
            "single_az_ha": true,
            "single_ip_snat": false,
            "software_version": "6.6.5545",
            "spot_price": null,
            "subnet": "10.101.0.0/28",
            "tag_list": null,
            "tags": {},
            "tunnel_detection_time": 60,
            "vpc_id": "vpc-034bf93615e7c6617",
            "vpc_reg": "us-east-2",
            "zone": null
          },
          "sensitive_attributes": [],
          "private": "eyJzY2hlbWFfdmVyc2lvbiI6IjEifQ==",
          "dependencies": [
            "aviatrix_vpc.AWS_TGW_Firenet"
          ]
        }
      ]
    },
    {
      "mode": "managed",
      "type": "aviatrix_transit_gateway",
      "name": "AWS_Transit_USE2_GW",
      "provider": "provider[\"registry.terraform.io/aviatrixsystems/aviatrix\"]",
      "instances": [
        {
          "schema_version": 1,
          "attributes": {
            "account_name": "cmcdonnell",
            "allocate_new_eip": true,
            "approved_learned_cidrs": [],
            "availability_domain": null,
            "azure_eip_name_resource_group": null,
            "bgp_ecmp": false,
            "bgp_hold_time": 180,
            "bgp_lan_interfaces": [],
            "bgp_lan_ip_list": [],
            "bgp_manual_spoke_advertise_cidrs": "",
            "bgp_polling_time": "50",
            "cloud_instance_id": "i-023e25bac57045283",
            "cloud_type": 1,
            "connected_transit": true,
            "customer_managed_keys": null,
            "customized_spoke_vpc_routes": "",
            "customized_transit_vpc_routes": [],
            "eip": "18.221.252.221",
            "enable_active_standby": false,
            "enable_active_standby_preemptive": false,
            "enable_advertise_transit_cidr": false,
            "enable_bgp_over_lan": false,
            "enable_egress_transit_firenet": false,
            "enable_encrypt_volume": true,
            "enable_firenet": false,
            "enable_gateway_load_balancer": false,
            "enable_hybrid_connection": false,
            "enable_jumbo_frame": true,
            "enable_learned_cidrs_approval": false,
            "enable_monitor_gateway_subnets": false,
            "enable_multi_tier_transit": false,
            "enable_private_oob": false,
            "enable_s2c_rx_balancing": false,
            "enable_segmentation": false,
            "enable_spot_instance": null,
            "enable_transit_firenet": false,
            "enable_transit_summarize_cidr_to_tgw": false,
            "enable_vpc_dns_server": false,
            "excluded_advertised_spoke_routes": "",
            "fault_domain": null,
            "filtered_spoke_vpc_routes": "",
            "gw_name": "AWS-Transit-USE2-GW",
            "gw_size": "t2.medium",
            "ha_availability_domain": "",
            "ha_azure_eip_name_resource_group": "",
            "ha_bgp_lan_interfaces": [],
            "ha_bgp_lan_ip_list": [],
            "ha_cloud_instance_id": "i-0ebf12041e7e6335d",
            "ha_eip": "18.221.158.106",
            "ha_fault_domain": "",
            "ha_gw_name": "AWS-Transit-USE2-GW-hagw",
            "ha_gw_size": "t2.medium",
            "ha_image_version": "hvm-cloudx-aws-031222",
            "ha_insane_mode_az": "",
            "ha_lan_interface_cidr": "",
            "ha_oob_availability_zone": "",
            "ha_oob_management_subnet": "",
            "ha_private_ip": "10.102.0.89",
            "ha_security_group_id": "sg-05a397189a509e0f7",
            "ha_software_version": "6.6.5545",
            "ha_subnet": "10.102.0.80/28",
            "ha_zone": "",
            "id": "AWS-Transit-USE2-GW",
            "image_version": "hvm-cloudx-aws-031222",
            "insane_mode": false,
            "insane_mode_az": "",
            "lan_interface_cidr": "",
            "lan_private_subnet": null,
            "lan_vpc_id": null,
            "learned_cidrs_approval_mode": "gateway",
            "local_as_number": "",
            "monitor_exclude_list": [],
            "oob_availability_zone": null,
            "oob_management_subnet": null,
            "prepend_as_path": [],
            "private_ip": "10.102.0.74",
            "security_group_id": "sg-03444f3eb92045ce8",
            "single_az_ha": true,
            "single_ip_snat": false,
            "software_version": "6.6.5545",
            "spot_price": null,
            "subnet": "10.102.0.64/28",
            "tag_list": null,
            "tags": {},
            "tunnel_detection_time": 60,
            "vpc_id": "vpc-03f40017cf4d52ee0",
            "vpc_reg": "us-east-2",
            "zone": null
          },
          "sensitive_attributes": [],
          "private": "eyJzY2hlbWFfdmVyc2lvbiI6IjEifQ==",
          "dependencies": [
            "aviatrix_vpc.AWS_Transit"
          ]
        }
      ]
    },
    {
      "mode": "managed",
      "type": "aviatrix_transit_gateway",
      "name": "AWS_Transit_USW2_GW",
      "provider": "provider[\"registry.terraform.io/aviatrixsystems/aviatrix\"]",
      "instances": [
        {
          "schema_version": 1,
          "attributes": {
            "account_name": "cmcdonnell",
            "allocate_new_eip": true,
            "approved_learned_cidrs": [],
            "availability_domain": null,
            "azure_eip_name_resource_group": null,
            "bgp_ecmp": false,
            "bgp_hold_time": 180,
            "bgp_lan_interfaces": [],
            "bgp_lan_ip_list": [],
            "bgp_manual_spoke_advertise_cidrs": "",
            "bgp_polling_time": "50",
            "cloud_instance_id": "i-0c73395fe48bdbeb1",
            "cloud_type": 1,
            "connected_transit": true,
            "customer_managed_keys": null,
            "customized_spoke_vpc_routes": "",
            "customized_transit_vpc_routes": [],
            "eip": "52.88.32.158",
            "enable_active_standby": false,
            "enable_active_standby_preemptive": false,
            "enable_advertise_transit_cidr": false,
            "enable_bgp_over_lan": false,
            "enable_egress_transit_firenet": false,
            "enable_encrypt_volume": true,
            "enable_firenet": false,
            "enable_gateway_load_balancer": false,
            "enable_hybrid_connection": false,
            "enable_jumbo_frame": true,
            "enable_learned_cidrs_approval": false,
            "enable_monitor_gateway_subnets": false,
            "enable_multi_tier_transit": false,
            "enable_private_oob": false,
            "enable_s2c_rx_balancing": false,
            "enable_segmentation": false,
            "enable_spot_instance": null,
            "enable_transit_firenet": false,
            "enable_transit_summarize_cidr_to_tgw": false,
            "enable_vpc_dns_server": false,
            "excluded_advertised_spoke_routes": "",
            "fault_domain": null,
            "filtered_spoke_vpc_routes": "",
            "gw_name": "AWS-Transit-USW2-GW",
            "gw_size": "t2.medium",
            "ha_availability_domain": "",
            "ha_azure_eip_name_resource_group": "",
            "ha_bgp_lan_interfaces": [],
            "ha_bgp_lan_ip_list": [],
            "ha_cloud_instance_id": "i-01506a1759b5d07fe",
            "ha_eip": "52.32.181.49",
            "ha_fault_domain": "",
            "ha_gw_name": "AWS-Transit-USW2-GW-hagw",
            "ha_gw_size": "t2.medium",
            "ha_image_version": "hvm-cloudx-aws-031222",
            "ha_insane_mode_az": "",
            "ha_lan_interface_cidr": "",
            "ha_oob_availability_zone": "",
            "ha_oob_management_subnet": "",
            "ha_private_ip": "10.201.0.90",
            "ha_security_group_id": "sg-01333173c17665503",
            "ha_software_version": "6.6.5545",
            "ha_subnet": "10.201.0.80/28",
            "ha_zone": "",
            "id": "AWS-Transit-USW2-GW",
            "image_version": "hvm-cloudx-aws-031222",
            "insane_mode": false,
            "insane_mode_az": "",
            "lan_interface_cidr": "",
            "lan_private_subnet": null,
            "lan_vpc_id": null,
            "learned_cidrs_approval_mode": "gateway",
            "local_as_number": "",
            "monitor_exclude_list": [],
            "oob_availability_zone": null,
            "oob_management_subnet": null,
            "prepend_as_path": [],
            "private_ip": "10.201.0.70",
            "security_group_id": "sg-0cbe0216c93f3c813",
            "single_az_ha": true,
            "single_ip_snat": false,
            "software_version": "6.6.5545",
            "spot_price": null,
            "subnet": "10.201.0.64/28",
            "tag_list": null,
            "tags": {},
            "tunnel_detection_time": 60,
            "vpc_id": "vpc-07b480424a3fef05f",
            "vpc_reg": "us-west-2",
            "zone": null
          },
          "sensitive_attributes": [],
          "private": "eyJzY2hlbWFfdmVyc2lvbiI6IjEifQ==",
          "dependencies": [
            "aviatrix_vpc.AWS_Region_2_Transit"
          ]
        }
      ]
    },
    {
      "mode": "managed",
      "type": "aviatrix_transit_gateway",
      "name": "Azure_Egress_Firenet_GW",
      "provider": "provider[\"registry.terraform.io/aviatrixsystems/aviatrix\"]",
      "instances": [
        {
          "schema_version": 1,
          "attributes": {
            "account_name": "Azure",
            "allocate_new_eip": true,
            "approved_learned_cidrs": [],
            "availability_domain": null,
            "azure_eip_name_resource_group": null,
            "bgp_ecmp": false,
            "bgp_hold_time": 180,
            "bgp_lan_interfaces": [],
            "bgp_lan_ip_list": [],
            "bgp_manual_spoke_advertise_cidrs": "",
            "bgp_polling_time": "50",
            "cloud_instance_id": "av-gw-Azure-Egress-Firenet-GW",
            "cloud_type": 8,
            "connected_transit": true,
            "customer_managed_keys": null,
            "customized_spoke_vpc_routes": "",
            "customized_transit_vpc_routes": [],
            "eip": "20.120.45.107",
            "enable_active_standby": false,
            "enable_active_standby_preemptive": false,
            "enable_advertise_transit_cidr": false,
            "enable_bgp_over_lan": false,
            "enable_egress_transit_firenet": false,
            "enable_encrypt_volume": false,
            "enable_firenet": false,
            "enable_gateway_load_balancer": false,
            "enable_hybrid_connection": false,
            "enable_jumbo_frame": true,
            "enable_learned_cidrs_approval": false,
            "enable_monitor_gateway_subnets": false,
            "enable_multi_tier_transit": false,
            "enable_private_oob": false,
            "enable_s2c_rx_balancing": false,
            "enable_segmentation": false,
            "enable_spot_instance": null,
            "enable_transit_firenet": true,
            "enable_transit_summarize_cidr_to_tgw": false,
            "enable_vpc_dns_server": false,
            "excluded_advertised_spoke_routes": "",
            "fault_domain": null,
            "filtered_spoke_vpc_routes": "",
            "gw_name": "Azure-Egress-Firenet-GW",
            "gw_size": "Standard_B4ms",
            "ha_availability_domain": null,
            "ha_azure_eip_name_resource_group": null,
            "ha_bgp_lan_interfaces": [],
            "ha_bgp_lan_ip_list": [],
            "ha_cloud_instance_id": "av-gw-Azure-Egress-Firenet-GW-hagw",
            "ha_eip": "20.124.74.238",
            "ha_fault_domain": null,
            "ha_gw_name": "Azure-Egress-Firenet-GW-hagw",
            "ha_gw_size": "Standard_B4ms",
            "ha_image_version": "aviatrix-companion-gateway-v8",
            "ha_insane_mode_az": "",
            "ha_lan_interface_cidr": "10.32.0.128/28",
            "ha_oob_availability_zone": null,
            "ha_oob_management_subnet": null,
            "ha_private_ip": "10.32.0.20",
            "ha_security_group_id": "",
            "ha_software_version": "6.6.5545",
            "ha_subnet": "10.32.0.16/28",
            "ha_zone": "",
            "id": "Azure-Egress-Firenet-GW",
            "image_version": "aviatrix-companion-gateway-v8",
            "insane_mode": false,
            "insane_mode_az": "",
            "lan_interface_cidr": "10.32.0.80/28",
            "lan_private_subnet": null,
            "lan_vpc_id": null,
            "learned_cidrs_approval_mode": "gateway",
            "local_as_number": "",
            "monitor_exclude_list": [],
            "oob_availability_zone": null,
            "oob_management_subnet": null,
            "prepend_as_path": [],
            "private_ip": "10.32.0.4",
            "security_group_id": "",
            "single_az_ha": true,
            "single_ip_snat": false,
            "software_version": "6.6.5545",
            "spot_price": null,
            "subnet": "10.32.0.0/28",
            "tag_list": null,
            "tags": {},
            "tunnel_detection_time": 60,
            "vpc_id": "Azure-Egress-Firenet:rg-av-Azure-Egress-Firenet-159869:b5b0f8f7-8ccd-47ca-8dcb-aff634a4befb",
            "vpc_reg": "East US",
            "zone": null
          },
          "sensitive_attributes": [],
          "private": "eyJzY2hlbWFfdmVyc2lvbiI6IjEifQ==",
          "dependencies": [
            "aviatrix_vpc.Azure_Egress_Firenet"
          ]
        }
      ]
    },
    {
      "mode": "managed",
      "type": "aviatrix_transit_gateway",
      "name": "Azure_Transit_Firenet_GW",
      "provider": "provider[\"registry.terraform.io/aviatrixsystems/aviatrix\"]",
      "instances": [
        {
          "schema_version": 1,
          "attributes": {
            "account_name": "Azure",
            "allocate_new_eip": true,
            "approved_learned_cidrs": [],
            "availability_domain": null,
            "azure_eip_name_resource_group": null,
            "bgp_ecmp": false,
            "bgp_hold_time": 180,
            "bgp_lan_interfaces": [],
            "bgp_lan_ip_list": [],
            "bgp_manual_spoke_advertise_cidrs": "",
            "bgp_polling_time": "50",
            "cloud_instance_id": "av-gw-Azure-Transit-Firenet-GW",
            "cloud_type": 8,
            "connected_transit": true,
            "customer_managed_keys": null,
            "customized_spoke_vpc_routes": "",
            "customized_transit_vpc_routes": [],
            "eip": "20.121.150.80",
            "enable_active_standby": false,
            "enable_active_standby_preemptive": false,
            "enable_advertise_transit_cidr": false,
            "enable_bgp_over_lan": false,
            "enable_egress_transit_firenet": false,
            "enable_encrypt_volume": false,
            "enable_firenet": false,
            "enable_gateway_load_balancer": false,
            "enable_hybrid_connection": false,
            "enable_jumbo_frame": true,
            "enable_learned_cidrs_approval": false,
            "enable_monitor_gateway_subnets": false,
            "enable_multi_tier_transit": false,
            "enable_private_oob": false,
            "enable_s2c_rx_balancing": false,
            "enable_segmentation": false,
            "enable_spot_instance": null,
            "enable_transit_firenet": true,
            "enable_transit_summarize_cidr_to_tgw": false,
            "enable_vpc_dns_server": false,
            "excluded_advertised_spoke_routes": "",
            "fault_domain": null,
            "filtered_spoke_vpc_routes": "",
            "gw_name": "Azure-Transit-Firenet-GW",
            "gw_size": "Standard_B4ms",
            "ha_availability_domain": null,
            "ha_azure_eip_name_resource_group": null,
            "ha_bgp_lan_interfaces": [],
            "ha_bgp_lan_ip_list": [],
            "ha_cloud_instance_id": "av-gw-Azure-Transit-Firenet-GW-hagw",
            "ha_eip": "20.121.144.223",
            "ha_fault_domain": null,
            "ha_gw_name": "Azure-Transit-Firenet-GW-hagw",
            "ha_gw_size": "Standard_B4ms",
            "ha_image_version": "aviatrix-companion-gateway-v8",
            "ha_insane_mode_az": "",
            "ha_lan_interface_cidr": "10.31.0.128/28",
            "ha_oob_availability_zone": null,
            "ha_oob_management_subnet": null,
            "ha_private_ip": "10.31.0.20",
            "ha_security_group_id": "",
            "ha_software_version": "6.6.5545",
            "ha_subnet": "10.31.0.16/28",
            "ha_zone": "",
            "id": "Azure-Transit-Firenet-GW",
            "image_version": "aviatrix-companion-gateway-v8",
            "insane_mode": false,
            "insane_mode_az": "",
            "lan_interface_cidr": "10.31.0.80/28",
            "lan_private_subnet": null,
            "lan_vpc_id": null,
            "learned_cidrs_approval_mode": "gateway",
            "local_as_number": "",
            "monitor_exclude_list": [],
            "oob_availability_zone": null,
            "oob_management_subnet": null,
            "prepend_as_path": [],
            "private_ip": "10.31.0.4",
            "security_group_id": "",
            "single_az_ha": true,
            "single_ip_snat": false,
            "software_version": "6.6.5545",
            "spot_price": null,
            "subnet": "10.31.0.0/28",
            "tag_list": null,
            "tags": {},
            "tunnel_detection_time": 60,
            "vpc_id": "Azure-Transit-Firenet:rg-av-Azure-Transit-Firenet-266478:32fe5d91-7e8b-4733-918c-735cc1c0f838",
            "vpc_reg": "East US",
            "zone": null
          },
          "sensitive_attributes": [],
          "private": "eyJzY2hlbWFfdmVyc2lvbiI6IjEifQ==",
          "dependencies": [
            "aviatrix_vpc.Azure_Transit_Firenet"
          ]
        }
      ]
    },
    {
      "mode": "managed",
      "type": "aviatrix_transit_gateway_peering",
      "name": "transit_gateway_peering_1",
      "provider": "provider[\"registry.terraform.io/aviatrixsystems/aviatrix\"]",
      "instances": [
        {
          "schema_version": 0,
          "attributes": {
            "enable_insane_mode_encryption_over_internet": false,
            "enable_peering_over_private_network": false,
            "enable_single_tunnel_mode": false,
            "gateway1_excluded_network_cidrs": [],
            "gateway1_excluded_tgw_connections": [],
            "gateway2_excluded_network_cidrs": [],
            "gateway2_excluded_tgw_connections": [],
            "id": "AWS-Transit-USW2-GW~Azure-Transit-Firenet-GW",
            "prepend_as_path1": null,
            "prepend_as_path2": null,
            "transit_gateway_name1": "AWS-Transit-USW2-GW",
            "transit_gateway_name2": "Azure-Transit-Firenet-GW",
            "tunnel_count": null
          },
          "sensitive_attributes": [],
          "private": "bnVsbA=="
        }
      ]
    },
    {
      "mode": "managed",
      "type": "aviatrix_vpc",
      "name": "AWS_Region_1_DEV",
      "provider": "provider[\"registry.terraform.io/aviatrixsystems/aviatrix\"]",
      "instances": [
        {
          "schema_version": 1,
          "attributes": {
            "account_name": "cmcdonnell",
            "availability_domains": [],
            "aviatrix_firenet_vpc": false,
            "aviatrix_transit_vpc": false,
            "azure_vnet_resource_id": null,
            "cidr": "10.10.3.0/24",
            "cloud_type": 1,
            "enable_native_gwlb": false,
            "enable_private_oob_subnet": false,
            "fault_domains": [],
            "id": "AWS-Region-1-DEV",
            "name": "AWS-Region-1-DEV",
            "num_of_subnet_pairs": null,
            "private_subnets": [
              {
                "cidr": "10.10.3.0/28",
                "name": "AWS-Region-1-DEV-Private-1-us-east-2a",
                "subnet_id": "subnet-038ffc426d037f83f"
              },
              {
                "cidr": "10.10.3.16/28",
                "name": "AWS-Region-1-DEV-Private-2-us-east-2b",
                "subnet_id": "subnet-0f8bdbab0f9c0bb79"
              },
              {
                "cidr": "10.10.3.32/28",
                "name": "AWS-Region-1-DEV-Private-3-us-east-2c",
                "subnet_id": "subnet-0ef547e627049cd01"
              }
            ],
            "public_subnets": [
              {
                "cidr": "10.10.3.48/28",
                "name": "AWS-Region-1-DEV-Public-1-us-east-2a",
                "subnet_id": "subnet-0ef2c105e3a4959e4"
              },
              {
                "cidr": "10.10.3.64/28",
                "name": "AWS-Region-1-DEV-Public-2-us-east-2b",
                "subnet_id": "subnet-07b4853f72b74ab9a"
              },
              {
                "cidr": "10.10.3.80/28",
                "name": "AWS-Region-1-DEV-Public-3-us-east-2c",
                "subnet_id": "subnet-0ae3637e9a00a9168"
              }
            ],
            "region": "us-east-2",
            "resource_group": null,
            "route_tables": [
              "rtb-0377537f7a661b2ba",
              "rtb-077c2eb048d1bc2df",
              "rtb-026b4556c4cc2e80f",
              "rtb-0985c5665d66e215a",
              "rtb-0111998156180ddf2",
              "rtb-09b559f5680f21be3"
            ],
            "subnet_size": null,
            "subnets": [
              {
                "cidr": "10.10.3.0/28",
                "name": "AWS-Region-1-DEV-Private-1-us-east-2a",
                "region": "",
                "subnet_id": "subnet-038ffc426d037f83f"
              },
              {
                "cidr": "10.10.3.16/28",
                "name": "AWS-Region-1-DEV-Private-2-us-east-2b",
                "region": "",
                "subnet_id": "subnet-0f8bdbab0f9c0bb79"
              },
              {
                "cidr": "10.10.3.32/28",
                "name": "AWS-Region-1-DEV-Private-3-us-east-2c",
                "region": "",
                "subnet_id": "subnet-0ef547e627049cd01"
              },
              {
                "cidr": "10.10.3.48/28",
                "name": "AWS-Region-1-DEV-Public-1-us-east-2a",
                "region": "",
                "subnet_id": "subnet-0ef2c105e3a4959e4"
              },
              {
                "cidr": "10.10.3.64/28",
                "name": "AWS-Region-1-DEV-Public-2-us-east-2b",
                "region": "",
                "subnet_id": "subnet-07b4853f72b74ab9a"
              },
              {
                "cidr": "10.10.3.80/28",
                "name": "AWS-Region-1-DEV-Public-3-us-east-2c",
                "region": "",
                "subnet_id": "subnet-0ae3637e9a00a9168"
              }
            ],
            "vpc_id": "vpc-0aa8caf5b02d0fbc0"
          },
          "sensitive_attributes": [],
          "private": "eyJzY2hlbWFfdmVyc2lvbiI6IjEifQ=="
        }
      ]
    },
    {
      "mode": "managed",
      "type": "aviatrix_vpc",
      "name": "AWS_Region_1_PROD",
      "provider": "provider[\"registry.terraform.io/aviatrixsystems/aviatrix\"]",
      "instances": [
        {
          "schema_version": 1,
          "attributes": {
            "account_name": "cmcdonnell",
            "availability_domains": [],
            "aviatrix_firenet_vpc": false,
            "aviatrix_transit_vpc": false,
            "azure_vnet_resource_id": null,
            "cidr": "10.10.1.0/24",
            "cloud_type": 1,
            "enable_native_gwlb": false,
            "enable_private_oob_subnet": false,
            "fault_domains": [],
            "id": "AWS-Region-1-PROD",
            "name": "AWS-Region-1-PROD",
            "num_of_subnet_pairs": null,
            "private_subnets": [
              {
                "cidr": "10.10.1.0/28",
                "name": "AWS-Region-1-PROD-Private-1-us-east-2a",
                "subnet_id": "subnet-0c1008ebec1f6c004"
              },
              {
                "cidr": "10.10.1.16/28",
                "name": "AWS-Region-1-PROD-Private-2-us-east-2b",
                "subnet_id": "subnet-080f228f8dc1047c0"
              },
              {
                "cidr": "10.10.1.32/28",
                "name": "AWS-Region-1-PROD-Private-3-us-east-2c",
                "subnet_id": "subnet-0007e4861816ec71a"
              }
            ],
            "public_subnets": [
              {
                "cidr": "10.10.1.48/28",
                "name": "AWS-Region-1-PROD-Public-1-us-east-2a",
                "subnet_id": "subnet-0553f74e27a370de6"
              },
              {
                "cidr": "10.10.1.64/28",
                "name": "AWS-Region-1-PROD-Public-2-us-east-2b",
                "subnet_id": "subnet-01360a0063961cade"
              },
              {
                "cidr": "10.10.1.80/28",
                "name": "AWS-Region-1-PROD-Public-3-us-east-2c",
                "subnet_id": "subnet-0e4685d8b28456e6b"
              }
            ],
            "region": "us-east-2",
            "resource_group": null,
            "route_tables": [
              "rtb-0604ccbdb8158cdb0",
              "rtb-00d4eec269f10811d",
              "rtb-0e39b2fc3415c2830",
              "rtb-079c011308369a672",
              "rtb-050f019305db193db",
              "rtb-0c32ca559d21d19b9"
            ],
            "subnet_size": null,
            "subnets": [
              {
                "cidr": "10.10.1.0/28",
                "name": "AWS-Region-1-PROD-Private-1-us-east-2a",
                "region": "",
                "subnet_id": "subnet-0c1008ebec1f6c004"
              },
              {
                "cidr": "10.10.1.16/28",
                "name": "AWS-Region-1-PROD-Private-2-us-east-2b",
                "region": "",
                "subnet_id": "subnet-080f228f8dc1047c0"
              },
              {
                "cidr": "10.10.1.32/28",
                "name": "AWS-Region-1-PROD-Private-3-us-east-2c",
                "region": "",
                "subnet_id": "subnet-0007e4861816ec71a"
              },
              {
                "cidr": "10.10.1.48/28",
                "name": "AWS-Region-1-PROD-Public-1-us-east-2a",
                "region": "",
                "subnet_id": "subnet-0553f74e27a370de6"
              },
              {
                "cidr": "10.10.1.64/28",
                "name": "AWS-Region-1-PROD-Public-2-us-east-2b",
                "region": "",
                "subnet_id": "subnet-01360a0063961cade"
              },
              {
                "cidr": "10.10.1.80/28",
                "name": "AWS-Region-1-PROD-Public-3-us-east-2c",
                "region": "",
                "subnet_id": "subnet-0e4685d8b28456e6b"
              }
            ],
            "vpc_id": "vpc-0cc1bf473ec2b3e41"
          },
          "sensitive_attributes": [],
          "private": "eyJzY2hlbWFfdmVyc2lvbiI6IjEifQ=="
        }
      ]
    },
    {
      "mode": "managed",
      "type": "aviatrix_vpc",
      "name": "AWS_Region_1_SHARED",
      "provider": "provider[\"registry.terraform.io/aviatrixsystems/aviatrix\"]",
      "instances": [
        {
          "schema_version": 1,
          "attributes": {
            "account_name": "cmcdonnell",
            "availability_domains": [],
            "aviatrix_firenet_vpc": false,
            "aviatrix_transit_vpc": false,
            "azure_vnet_resource_id": null,
            "cidr": "10.10.2.0/24",
            "cloud_type": 1,
            "enable_native_gwlb": false,
            "enable_private_oob_subnet": false,
            "fault_domains": [],
            "id": "AWS-Region-1-SHARED",
            "name": "AWS-Region-1-SHARED",
            "num_of_subnet_pairs": null,
            "private_subnets": [
              {
                "cidr": "10.10.2.0/28",
                "name": "AWS-Region-1-SHARED-Private-1-us-east-2a",
                "subnet_id": "subnet-0c29fc18e2a026d34"
              },
              {
                "cidr": "10.10.2.16/28",
                "name": "AWS-Region-1-SHARED-Private-2-us-east-2b",
                "subnet_id": "subnet-0c39eaf4a80b9ea0e"
              },
              {
                "cidr": "10.10.2.32/28",
                "name": "AWS-Region-1-SHARED-Private-3-us-east-2c",
                "subnet_id": "subnet-0b674b03bf080debe"
              }
            ],
            "public_subnets": [
              {
                "cidr": "10.10.2.48/28",
                "name": "AWS-Region-1-SHARED-Public-1-us-east-2a",
                "subnet_id": "subnet-09cf757affacf17ed"
              },
              {
                "cidr": "10.10.2.64/28",
                "name": "AWS-Region-1-SHARED-Public-2-us-east-2b",
                "subnet_id": "subnet-0412a8435360f9a43"
              },
              {
                "cidr": "10.10.2.80/28",
                "name": "AWS-Region-1-SHARED-Public-3-us-east-2c",
                "subnet_id": "subnet-018f14d727a43f1a2"
              }
            ],
            "region": "us-east-2",
            "resource_group": null,
            "route_tables": [
              "rtb-05ed5561381af4e7e",
              "rtb-0b6b619f7a826777e",
              "rtb-037c44532b0bb637c",
              "rtb-01d56d7d4f6a606b6",
              "rtb-0007c9f0a1f751ee2",
              "rtb-0a144f3db6b8b7991"
            ],
            "subnet_size": null,
            "subnets": [
              {
                "cidr": "10.10.2.0/28",
                "name": "AWS-Region-1-SHARED-Private-1-us-east-2a",
                "region": "",
                "subnet_id": "subnet-0c29fc18e2a026d34"
              },
              {
                "cidr": "10.10.2.16/28",
                "name": "AWS-Region-1-SHARED-Private-2-us-east-2b",
                "region": "",
                "subnet_id": "subnet-0c39eaf4a80b9ea0e"
              },
              {
                "cidr": "10.10.2.32/28",
                "name": "AWS-Region-1-SHARED-Private-3-us-east-2c",
                "region": "",
                "subnet_id": "subnet-0b674b03bf080debe"
              },
              {
                "cidr": "10.10.2.48/28",
                "name": "AWS-Region-1-SHARED-Public-1-us-east-2a",
                "region": "",
                "subnet_id": "subnet-09cf757affacf17ed"
              },
              {
                "cidr": "10.10.2.64/28",
                "name": "AWS-Region-1-SHARED-Public-2-us-east-2b",
                "region": "",
                "subnet_id": "subnet-0412a8435360f9a43"
              },
              {
                "cidr": "10.10.2.80/28",
                "name": "AWS-Region-1-SHARED-Public-3-us-east-2c",
                "region": "",
                "subnet_id": "subnet-018f14d727a43f1a2"
              }
            ],
            "vpc_id": "vpc-0dc9113e67c42c6a6"
          },
          "sensitive_attributes": [],
          "private": "eyJzY2hlbWFfdmVyc2lvbiI6IjEifQ=="
        }
      ]
    },
    {
      "mode": "managed",
      "type": "aviatrix_vpc",
      "name": "AWS_Region_2_QA1",
      "provider": "provider[\"registry.terraform.io/aviatrixsystems/aviatrix\"]",
      "instances": [
        {
          "schema_version": 1,
          "attributes": {
            "account_name": "cmcdonnell",
            "availability_domains": [],
            "aviatrix_firenet_vpc": false,
            "aviatrix_transit_vpc": false,
            "azure_vnet_resource_id": null,
            "cidr": "10.20.1.0/24",
            "cloud_type": 1,
            "enable_native_gwlb": false,
            "enable_private_oob_subnet": false,
            "fault_domains": [],
            "id": "AWS-Region-2-QA1",
            "name": "AWS-Region-2-QA1",
            "num_of_subnet_pairs": null,
            "private_subnets": [
              {
                "cidr": "10.20.1.0/28",
                "name": "AWS-Region-2-QA1-Private-1-us-west-2a",
                "subnet_id": "subnet-0e151d5b9e001a281"
              },
              {
                "cidr": "10.20.1.16/28",
                "name": "AWS-Region-2-QA1-Private-2-us-west-2b",
                "subnet_id": "subnet-081e24eda991f473b"
              },
              {
                "cidr": "10.20.1.32/28",
                "name": "AWS-Region-2-QA1-Private-3-us-west-2c",
                "subnet_id": "subnet-0a72fce4719052445"
              },
              {
                "cidr": "10.20.1.48/28",
                "name": "AWS-Region-2-QA1-Private-4-us-west-2d",
                "subnet_id": "subnet-04df067c479ca9af2"
              }
            ],
            "public_subnets": [
              {
                "cidr": "10.20.1.64/28",
                "name": "AWS-Region-2-QA1-Public-1-us-west-2a",
                "subnet_id": "subnet-061803d96180ef2bf"
              },
              {
                "cidr": "10.20.1.80/28",
                "name": "AWS-Region-2-QA1-Public-2-us-west-2b",
                "subnet_id": "subnet-0b0b83dd6e3bc73f2"
              },
              {
                "cidr": "10.20.1.96/28",
                "name": "AWS-Region-2-QA1-Public-3-us-west-2c",
                "subnet_id": "subnet-0ca590320e8b88b5a"
              },
              {
                "cidr": "10.20.1.112/28",
                "name": "AWS-Region-2-QA1-Public-4-us-west-2d",
                "subnet_id": "subnet-0b2ce158bf4bc7aa6"
              }
            ],
            "region": "us-west-2",
            "resource_group": null,
            "route_tables": [
              "rtb-0f5dc3586149be716",
              "rtb-0c73151b7a821184f",
              "rtb-035235b8b495318e7",
              "rtb-05436bb81d6ebe2da",
              "rtb-09bb96ceccd9ea11d",
              "rtb-0afa69af6630aae60",
              "rtb-055b1e0900582592c",
              "rtb-0f6377dd0f66257d2"
            ],
            "subnet_size": null,
            "subnets": [
              {
                "cidr": "10.20.1.0/28",
                "name": "AWS-Region-2-QA1-Private-1-us-west-2a",
                "region": "",
                "subnet_id": "subnet-0e151d5b9e001a281"
              },
              {
                "cidr": "10.20.1.16/28",
                "name": "AWS-Region-2-QA1-Private-2-us-west-2b",
                "region": "",
                "subnet_id": "subnet-081e24eda991f473b"
              },
              {
                "cidr": "10.20.1.32/28",
                "name": "AWS-Region-2-QA1-Private-3-us-west-2c",
                "region": "",
                "subnet_id": "subnet-0a72fce4719052445"
              },
              {
                "cidr": "10.20.1.48/28",
                "name": "AWS-Region-2-QA1-Private-4-us-west-2d",
                "region": "",
                "subnet_id": "subnet-04df067c479ca9af2"
              },
              {
                "cidr": "10.20.1.64/28",
                "name": "AWS-Region-2-QA1-Public-1-us-west-2a",
                "region": "",
                "subnet_id": "subnet-061803d96180ef2bf"
              },
              {
                "cidr": "10.20.1.80/28",
                "name": "AWS-Region-2-QA1-Public-2-us-west-2b",
                "region": "",
                "subnet_id": "subnet-0b0b83dd6e3bc73f2"
              },
              {
                "cidr": "10.20.1.96/28",
                "name": "AWS-Region-2-QA1-Public-3-us-west-2c",
                "region": "",
                "subnet_id": "subnet-0ca590320e8b88b5a"
              },
              {
                "cidr": "10.20.1.112/28",
                "name": "AWS-Region-2-QA1-Public-4-us-west-2d",
                "region": "",
                "subnet_id": "subnet-0b2ce158bf4bc7aa6"
              }
            ],
            "vpc_id": "vpc-0a11b9f21ca4888a8"
          },
          "sensitive_attributes": [],
          "private": "eyJzY2hlbWFfdmVyc2lvbiI6IjEifQ=="
        }
      ]
    },
    {
      "mode": "managed",
      "type": "aviatrix_vpc",
      "name": "AWS_Region_2_QA2",
      "provider": "provider[\"registry.terraform.io/aviatrixsystems/aviatrix\"]",
      "instances": [
        {
          "schema_version": 1,
          "attributes": {
            "account_name": "cmcdonnell",
            "availability_domains": [],
            "aviatrix_firenet_vpc": false,
            "aviatrix_transit_vpc": false,
            "azure_vnet_resource_id": null,
            "cidr": "10.20.2.0/24",
            "cloud_type": 1,
            "enable_native_gwlb": false,
            "enable_private_oob_subnet": false,
            "fault_domains": [],
            "id": "AWS-Region-2-QA2",
            "name": "AWS-Region-2-QA2",
            "num_of_subnet_pairs": null,
            "private_subnets": [
              {
                "cidr": "10.20.2.0/28",
                "name": "AWS-Region-2-QA2-Private-1-us-west-2a",
                "subnet_id": "subnet-00c34391ad6193ddc"
              },
              {
                "cidr": "10.20.2.16/28",
                "name": "AWS-Region-2-QA2-Private-2-us-west-2b",
                "subnet_id": "subnet-011b5b362f33f41c1"
              },
              {
                "cidr": "10.20.2.32/28",
                "name": "AWS-Region-2-QA2-Private-3-us-west-2c",
                "subnet_id": "subnet-00f5401c309942e48"
              },
              {
                "cidr": "10.20.2.48/28",
                "name": "AWS-Region-2-QA2-Private-4-us-west-2d",
                "subnet_id": "subnet-0b35e7841d31e279b"
              }
            ],
            "public_subnets": [
              {
                "cidr": "10.20.2.64/28",
                "name": "AWS-Region-2-QA2-Public-1-us-west-2a",
                "subnet_id": "subnet-07e47df17c7e552b4"
              },
              {
                "cidr": "10.20.2.80/28",
                "name": "AWS-Region-2-QA2-Public-2-us-west-2b",
                "subnet_id": "subnet-0b6c10ba68401b9e4"
              },
              {
                "cidr": "10.20.2.96/28",
                "name": "AWS-Region-2-QA2-Public-3-us-west-2c",
                "subnet_id": "subnet-031720863e812e810"
              },
              {
                "cidr": "10.20.2.112/28",
                "name": "AWS-Region-2-QA2-Public-4-us-west-2d",
                "subnet_id": "subnet-066dd2082bf9f486b"
              }
            ],
            "region": "us-west-2",
            "resource_group": null,
            "route_tables": [
              "rtb-02b310c0ec59fc4c3",
              "rtb-00934eaecb5e2063f",
              "rtb-03c9e583ef638258a",
              "rtb-0c8d4f7fff683e571",
              "rtb-0357b5c0af42fc34c",
              "rtb-08e7eeb2bfb669206",
              "rtb-0a9f39636c51d774b",
              "rtb-025501851b3f04a0a"
            ],
            "subnet_size": null,
            "subnets": [
              {
                "cidr": "10.20.2.0/28",
                "name": "AWS-Region-2-QA2-Private-1-us-west-2a",
                "region": "",
                "subnet_id": "subnet-00c34391ad6193ddc"
              },
              {
                "cidr": "10.20.2.16/28",
                "name": "AWS-Region-2-QA2-Private-2-us-west-2b",
                "region": "",
                "subnet_id": "subnet-011b5b362f33f41c1"
              },
              {
                "cidr": "10.20.2.32/28",
                "name": "AWS-Region-2-QA2-Private-3-us-west-2c",
                "region": "",
                "subnet_id": "subnet-00f5401c309942e48"
              },
              {
                "cidr": "10.20.2.48/28",
                "name": "AWS-Region-2-QA2-Private-4-us-west-2d",
                "region": "",
                "subnet_id": "subnet-0b35e7841d31e279b"
              },
              {
                "cidr": "10.20.2.64/28",
                "name": "AWS-Region-2-QA2-Public-1-us-west-2a",
                "region": "",
                "subnet_id": "subnet-07e47df17c7e552b4"
              },
              {
                "cidr": "10.20.2.80/28",
                "name": "AWS-Region-2-QA2-Public-2-us-west-2b",
                "region": "",
                "subnet_id": "subnet-0b6c10ba68401b9e4"
              },
              {
                "cidr": "10.20.2.96/28",
                "name": "AWS-Region-2-QA2-Public-3-us-west-2c",
                "region": "",
                "subnet_id": "subnet-031720863e812e810"
              },
              {
                "cidr": "10.20.2.112/28",
                "name": "AWS-Region-2-QA2-Public-4-us-west-2d",
                "region": "",
                "subnet_id": "subnet-066dd2082bf9f486b"
              }
            ],
            "vpc_id": "vpc-0fb91180c696b403f"
          },
          "sensitive_attributes": [],
          "private": "eyJzY2hlbWFfdmVyc2lvbiI6IjEifQ=="
        }
      ]
    },
    {
      "mode": "managed",
      "type": "aviatrix_vpc",
      "name": "AWS_Region_2_Transit",
      "provider": "provider[\"registry.terraform.io/aviatrixsystems/aviatrix\"]",
      "instances": [
        {
          "schema_version": 1,
          "attributes": {
            "account_name": "cmcdonnell",
            "availability_domains": [],
            "aviatrix_firenet_vpc": false,
            "aviatrix_transit_vpc": true,
            "azure_vnet_resource_id": null,
            "cidr": "10.201.0.0/16",
            "cloud_type": 1,
            "enable_native_gwlb": false,
            "enable_private_oob_subnet": false,
            "fault_domains": [],
            "id": "AWS-Region-2-Transit",
            "name": "AWS-Region-2-Transit",
            "num_of_subnet_pairs": null,
            "private_subnets": [
              {
                "cidr": "10.201.0.0/28",
                "name": "AWS-Region-2-Transit-Private-FW-south-us-west-2a",
                "subnet_id": "subnet-0b2025420412fea47"
              },
              {
                "cidr": "10.201.0.16/28",
                "name": "AWS-Region-2-Transit-Private-FW-north-us-west-2a",
                "subnet_id": "subnet-0d4552b6c5e21602c"
              },
              {
                "cidr": "10.201.0.32/28",
                "name": "AWS-Region-2-Transit-Private-FW-south-us-west-2b",
                "subnet_id": "subnet-0f2ea19ded664819f"
              },
              {
                "cidr": "10.201.0.48/28",
                "name": "AWS-Region-2-Transit-Private-FW-north-us-west-2b",
                "subnet_id": "subnet-0668464c2e1b8eb71"
              }
            ],
            "public_subnets": [
              {
                "cidr": "10.201.0.64/28",
                "name": "AWS-Region-2-Transit-Public-gateway-and-firewall-mgmt-us-west-2a",
                "subnet_id": "subnet-00cd4aa7be03faad0"
              },
              {
                "cidr": "10.201.0.80/28",
                "name": "AWS-Region-2-Transit-Public-FW-ingress-egress-us-west-2a",
                "subnet_id": "subnet-0e531087eabf9867b"
              },
              {
                "cidr": "10.201.0.96/28",
                "name": "AWS-Region-2-Transit-Public-gateway-and-firewall-mgmt-us-west-2b",
                "subnet_id": "subnet-05ec92f98e8bb4a31"
              },
              {
                "cidr": "10.201.0.112/28",
                "name": "AWS-Region-2-Transit-Public-FW-ingress-egress-us-west-2b",
                "subnet_id": "subnet-00cc294010ced941a"
              }
            ],
            "region": "us-west-2",
            "resource_group": null,
            "route_tables": [
              "rtb-08714771427a284af",
              "rtb-086dada8be5c86632"
            ],
            "subnet_size": null,
            "subnets": [
              {
                "cidr": "10.201.0.0/28",
                "name": "AWS-Region-2-Transit-Private-FW-south-us-west-2a",
                "region": "",
                "subnet_id": "subnet-0b2025420412fea47"
              },
              {
                "cidr": "10.201.0.16/28",
                "name": "AWS-Region-2-Transit-Private-FW-north-us-west-2a",
                "region": "",
                "subnet_id": "subnet-0d4552b6c5e21602c"
              },
              {
                "cidr": "10.201.0.32/28",
                "name": "AWS-Region-2-Transit-Private-FW-south-us-west-2b",
                "region": "",
                "subnet_id": "subnet-0f2ea19ded664819f"
              },
              {
                "cidr": "10.201.0.48/28",
                "name": "AWS-Region-2-Transit-Private-FW-north-us-west-2b",
                "region": "",
                "subnet_id": "subnet-0668464c2e1b8eb71"
              },
              {
                "cidr": "10.201.0.64/28",
                "name": "AWS-Region-2-Transit-Public-gateway-and-firewall-mgmt-us-west-2a",
                "region": "",
                "subnet_id": "subnet-00cd4aa7be03faad0"
              },
              {
                "cidr": "10.201.0.80/28",
                "name": "AWS-Region-2-Transit-Public-FW-ingress-egress-us-west-2a",
                "region": "",
                "subnet_id": "subnet-0e531087eabf9867b"
              },
              {
                "cidr": "10.201.0.96/28",
                "name": "AWS-Region-2-Transit-Public-gateway-and-firewall-mgmt-us-west-2b",
                "region": "",
                "subnet_id": "subnet-05ec92f98e8bb4a31"
              },
              {
                "cidr": "10.201.0.112/28",
                "name": "AWS-Region-2-Transit-Public-FW-ingress-egress-us-west-2b",
                "region": "",
                "subnet_id": "subnet-00cc294010ced941a"
              }
            ],
            "vpc_id": "vpc-07b480424a3fef05f"
          },
          "sensitive_attributes": [],
          "private": "eyJzY2hlbWFfdmVyc2lvbiI6IjEifQ=="
        }
      ]
    },
    {
      "mode": "managed",
      "type": "aviatrix_vpc",
      "name": "AWS_TGW_Firenet",
      "provider": "provider[\"registry.terraform.io/aviatrixsystems/aviatrix\"]",
      "instances": [
        {
          "schema_version": 1,
          "attributes": {
            "account_name": "cmcdonnell",
            "availability_domains": [],
            "aviatrix_firenet_vpc": true,
            "aviatrix_transit_vpc": false,
            "azure_vnet_resource_id": null,
            "cidr": "10.101.0.0/16",
            "cloud_type": 1,
            "enable_native_gwlb": false,
            "enable_private_oob_subnet": false,
            "fault_domains": [],
            "id": "AWS-TGW-Firenet",
            "name": "AWS-TGW-Firenet",
            "num_of_subnet_pairs": null,
            "private_subnets": [],
            "public_subnets": [
              {
                "cidr": "10.101.0.0/28",
                "name": "AWS-TGW-Firenet-Public-gateway-and-firewall-mgmt-us-east-2a",
                "subnet_id": "subnet-0e878c7df4f96e12b"
              },
              {
                "cidr": "10.101.0.16/28",
                "name": "AWS-TGW-Firenet-Public-FW-ingress-egress-us-east-2a",
                "subnet_id": "subnet-0fe9c66a18fafdedc"
              },
              {
                "cidr": "10.101.0.32/28",
                "name": "AWS-TGW-Firenet-Public-gateway-and-firewall-mgmt-us-east-2b",
                "subnet_id": "subnet-0eb7c276d65b2f49a"
              },
              {
                "cidr": "10.101.0.48/28",
                "name": "AWS-TGW-Firenet-Public-FW-ingress-egress-us-east-2b",
                "subnet_id": "subnet-0a6ad50e8e2db33f2"
              }
            ],
            "region": "us-east-2",
            "resource_group": null,
            "route_tables": [
              "rtb-038e06ad1bdde2eda",
              "rtb-0aeb0fdfb547129bb"
            ],
            "subnet_size": null,
            "subnets": [
              {
                "cidr": "10.101.0.0/28",
                "name": "AWS-TGW-Firenet-Public-gateway-and-firewall-mgmt-us-east-2a",
                "region": "",
                "subnet_id": "subnet-0e878c7df4f96e12b"
              },
              {
                "cidr": "10.101.0.16/28",
                "name": "AWS-TGW-Firenet-Public-FW-ingress-egress-us-east-2a",
                "region": "",
                "subnet_id": "subnet-0fe9c66a18fafdedc"
              },
              {
                "cidr": "10.101.0.32/28",
                "name": "AWS-TGW-Firenet-Public-gateway-and-firewall-mgmt-us-east-2b",
                "region": "",
                "subnet_id": "subnet-0eb7c276d65b2f49a"
              },
              {
                "cidr": "10.101.0.48/28",
                "name": "AWS-TGW-Firenet-Public-FW-ingress-egress-us-east-2b",
                "region": "",
                "subnet_id": "subnet-0a6ad50e8e2db33f2"
              }
            ],
            "vpc_id": "vpc-034bf93615e7c6617"
          },
          "sensitive_attributes": [],
          "private": "eyJzY2hlbWFfdmVyc2lvbiI6IjEifQ=="
        }
      ]
    },
    {
      "mode": "managed",
      "type": "aviatrix_vpc",
      "name": "AWS_Transit",
      "provider": "provider[\"registry.terraform.io/aviatrixsystems/aviatrix\"]",
      "instances": [
        {
          "schema_version": 1,
          "attributes": {
            "account_name": "cmcdonnell",
            "availability_domains": [],
            "aviatrix_firenet_vpc": false,
            "aviatrix_transit_vpc": true,
            "azure_vnet_resource_id": null,
            "cidr": "10.102.0.0/16",
            "cloud_type": 1,
            "enable_native_gwlb": false,
            "enable_private_oob_subnet": false,
            "fault_domains": [],
            "id": "AWS-Transit",
            "name": "AWS-Transit",
            "num_of_subnet_pairs": null,
            "private_subnets": [
              {
                "cidr": "10.102.0.0/28",
                "name": "AWS-Transit-Private-FW-south-us-east-2a",
                "subnet_id": "subnet-087b89cd6186ed304"
              },
              {
                "cidr": "10.102.0.16/28",
                "name": "AWS-Transit-Private-FW-north-us-east-2a",
                "subnet_id": "subnet-095d2140344753b42"
              },
              {
                "cidr": "10.102.0.32/28",
                "name": "AWS-Transit-Private-FW-south-us-east-2b",
                "subnet_id": "subnet-0be73c24ee90d4e36"
              },
              {
                "cidr": "10.102.0.48/28",
                "name": "AWS-Transit-Private-FW-north-us-east-2b",
                "subnet_id": "subnet-0871a87d4ce243d4d"
              }
            ],
            "public_subnets": [
              {
                "cidr": "10.102.0.64/28",
                "name": "AWS-Transit-Public-gateway-and-firewall-mgmt-us-east-2a",
                "subnet_id": "subnet-0816349a804c0b686"
              },
              {
                "cidr": "10.102.0.80/28",
                "name": "AWS-Transit-Public-FW-ingress-egress-us-east-2a",
                "subnet_id": "subnet-0cbad811409312b92"
              },
              {
                "cidr": "10.102.0.96/28",
                "name": "AWS-Transit-Public-gateway-and-firewall-mgmt-us-east-2b",
                "subnet_id": "subnet-07274f40382977994"
              },
              {
                "cidr": "10.102.0.112/28",
                "name": "AWS-Transit-Public-FW-ingress-egress-us-east-2b",
                "subnet_id": "subnet-0c4f628d26f066a2b"
              }
            ],
            "region": "us-east-2",
            "resource_group": null,
            "route_tables": [
              "rtb-039b9d4ef172e1f68",
              "rtb-030b753afa81e94f2"
            ],
            "subnet_size": null,
            "subnets": [
              {
                "cidr": "10.102.0.0/28",
                "name": "AWS-Transit-Private-FW-south-us-east-2a",
                "region": "",
                "subnet_id": "subnet-087b89cd6186ed304"
              },
              {
                "cidr": "10.102.0.16/28",
                "name": "AWS-Transit-Private-FW-north-us-east-2a",
                "region": "",
                "subnet_id": "subnet-095d2140344753b42"
              },
              {
                "cidr": "10.102.0.32/28",
                "name": "AWS-Transit-Private-FW-south-us-east-2b",
                "region": "",
                "subnet_id": "subnet-0be73c24ee90d4e36"
              },
              {
                "cidr": "10.102.0.48/28",
                "name": "AWS-Transit-Private-FW-north-us-east-2b",
                "region": "",
                "subnet_id": "subnet-0871a87d4ce243d4d"
              },
              {
                "cidr": "10.102.0.64/28",
                "name": "AWS-Transit-Public-gateway-and-firewall-mgmt-us-east-2a",
                "region": "",
                "subnet_id": "subnet-0816349a804c0b686"
              },
              {
                "cidr": "10.102.0.80/28",
                "name": "AWS-Transit-Public-FW-ingress-egress-us-east-2a",
                "region": "",
                "subnet_id": "subnet-0cbad811409312b92"
              },
              {
                "cidr": "10.102.0.96/28",
                "name": "AWS-Transit-Public-gateway-and-firewall-mgmt-us-east-2b",
                "region": "",
                "subnet_id": "subnet-07274f40382977994"
              },
              {
                "cidr": "10.102.0.112/28",
                "name": "AWS-Transit-Public-FW-ingress-egress-us-east-2b",
                "region": "",
                "subnet_id": "subnet-0c4f628d26f066a2b"
              }
            ],
            "vpc_id": "vpc-03f40017cf4d52ee0"
          },
          "sensitive_attributes": [],
          "private": "eyJzY2hlbWFfdmVyc2lvbiI6IjEifQ=="
        }
      ]
    },
    {
      "mode": "managed",
      "type": "aviatrix_vpc",
      "name": "Azure_Development",
      "provider": "provider[\"registry.terraform.io/aviatrixsystems/aviatrix\"]",
      "instances": [
        {
          "schema_version": 1,
          "attributes": {
            "account_name": "Azure",
            "availability_domains": [],
            "aviatrix_firenet_vpc": false,
            "aviatrix_transit_vpc": false,
            "azure_vnet_resource_id": "/subscriptions/b9610730-43bd-4456-a9ae-803e441a8e3c/resourceGroups/rg-av-Azure-Development-552142/providers/Microsoft.Network/virtualNetworks/Azure-Development",
            "cidr": "10.50.1.0/24",
            "cloud_type": 8,
            "enable_native_gwlb": false,
            "enable_private_oob_subnet": false,
            "fault_domains": [],
            "id": "Azure-Development",
            "name": "Azure-Development",
            "num_of_subnet_pairs": null,
            "private_subnets": [
              {
                "cidr": "10.50.1.32/28",
                "name": "Azure-Development-Private-subnet-1",
                "subnet_id": "/subscriptions/b9610730-43bd-4456-a9ae-803e441a8e3c/resourceGroups/rg-av-Azure-Development-552142/providers/Microsoft.Network/virtualNetworks/Azure-Development/subnets/Azure-Development-Private-subnet-1"
              },
              {
                "cidr": "10.50.1.64/28",
                "name": "Azure-Development-Private-subnet-2",
                "subnet_id": "/subscriptions/b9610730-43bd-4456-a9ae-803e441a8e3c/resourceGroups/rg-av-Azure-Development-552142/providers/Microsoft.Network/virtualNetworks/Azure-Development/subnets/Azure-Development-Private-subnet-2"
              }
            ],
            "public_subnets": [
              {
                "cidr": "10.50.1.0/28",
                "name": "Azure-Development-Public-gateway-subnet-1",
                "subnet_id": "/subscriptions/b9610730-43bd-4456-a9ae-803e441a8e3c/resourceGroups/rg-av-Azure-Development-552142/providers/Microsoft.Network/virtualNetworks/Azure-Development/subnets/Azure-Development-Public-gateway-subnet-1"
              },
              {
                "cidr": "10.50.1.16/28",
                "name": "Azure-Development-Public-subnet-1",
                "subnet_id": "/subscriptions/b9610730-43bd-4456-a9ae-803e441a8e3c/resourceGroups/rg-av-Azure-Development-552142/providers/Microsoft.Network/virtualNetworks/Azure-Development/subnets/Azure-Development-Public-subnet-1"
              },
              {
                "cidr": "10.50.1.48/28",
                "name": "Azure-Development-Public-subnet-2",
                "subnet_id": "/subscriptions/b9610730-43bd-4456-a9ae-803e441a8e3c/resourceGroups/rg-av-Azure-Development-552142/providers/Microsoft.Network/virtualNetworks/Azure-Development/subnets/Azure-Development-Public-subnet-2"
              }
            ],
            "region": "East US",
            "resource_group": "rg-av-Azure-Development-552142",
            "route_tables": [
              "Azure-Development-Public-subnet-2-rtb:rg-av-Azure-Development-552142",
              "Azure-Development-Private-subnet-2-rtb:rg-av-Azure-Development-552142",
              "Azure-Development-Public-subnet-1-rtb:rg-av-Azure-Development-552142",
              "Azure-Development-Private-subnet-1-rtb:rg-av-Azure-Development-552142"
            ],
            "subnet_size": null,
            "subnets": [
              {
                "cidr": "10.50.1.0/28",
                "name": "Azure-Development-Public-gateway-subnet-1",
                "region": "",
                "subnet_id": "/subscriptions/b9610730-43bd-4456-a9ae-803e441a8e3c/resourceGroups/rg-av-Azure-Development-552142/providers/Microsoft.Network/virtualNetworks/Azure-Development/subnets/Azure-Development-Public-gateway-subnet-1"
              },
              {
                "cidr": "10.50.1.16/28",
                "name": "Azure-Development-Public-subnet-1",
                "region": "",
                "subnet_id": "/subscriptions/b9610730-43bd-4456-a9ae-803e441a8e3c/resourceGroups/rg-av-Azure-Development-552142/providers/Microsoft.Network/virtualNetworks/Azure-Development/subnets/Azure-Development-Public-subnet-1"
              },
              {
                "cidr": "10.50.1.48/28",
                "name": "Azure-Development-Public-subnet-2",
                "region": "",
                "subnet_id": "/subscriptions/b9610730-43bd-4456-a9ae-803e441a8e3c/resourceGroups/rg-av-Azure-Development-552142/providers/Microsoft.Network/virtualNetworks/Azure-Development/subnets/Azure-Development-Public-subnet-2"
              },
              {
                "cidr": "10.50.1.32/28",
                "name": "Azure-Development-Private-subnet-1",
                "region": "",
                "subnet_id": "/subscriptions/b9610730-43bd-4456-a9ae-803e441a8e3c/resourceGroups/rg-av-Azure-Development-552142/providers/Microsoft.Network/virtualNetworks/Azure-Development/subnets/Azure-Development-Private-subnet-1"
              },
              {
                "cidr": "10.50.1.64/28",
                "name": "Azure-Development-Private-subnet-2",
                "region": "",
                "subnet_id": "/subscriptions/b9610730-43bd-4456-a9ae-803e441a8e3c/resourceGroups/rg-av-Azure-Development-552142/providers/Microsoft.Network/virtualNetworks/Azure-Development/subnets/Azure-Development-Private-subnet-2"
              }
            ],
            "vpc_id": "Azure-Development:rg-av-Azure-Development-552142:55a569f0-cfc4-491e-adc2-d99beba38bb9"
          },
          "sensitive_attributes": [],
          "private": "eyJzY2hlbWFfdmVyc2lvbiI6IjEifQ=="
        }
      ]
    },
    {
      "mode": "managed",
      "type": "aviatrix_vpc",
      "name": "Azure_Egress_Firenet",
      "provider": "provider[\"registry.terraform.io/aviatrixsystems/aviatrix\"]",
      "instances": [
        {
          "schema_version": 1,
          "attributes": {
            "account_name": "Azure",
            "availability_domains": [],
            "aviatrix_firenet_vpc": true,
            "aviatrix_transit_vpc": false,
            "azure_vnet_resource_id": "/subscriptions/b9610730-43bd-4456-a9ae-803e441a8e3c/resourceGroups/rg-av-Azure-Egress-Firenet-159869/providers/Microsoft.Network/virtualNetworks/Azure-Egress-Firenet",
            "cidr": "10.32.0.0/16",
            "cloud_type": 8,
            "enable_native_gwlb": false,
            "enable_private_oob_subnet": false,
            "fault_domains": [],
            "id": "Azure-Egress-Firenet",
            "name": "Azure-Egress-Firenet",
            "num_of_subnet_pairs": null,
            "private_subnets": [],
            "public_subnets": [
              {
                "cidr": "10.32.0.0/28",
                "name": "Azure-Egress-Firenet-Public-FW-ingress-egress-1",
                "subnet_id": "/subscriptions/b9610730-43bd-4456-a9ae-803e441a8e3c/resourceGroups/rg-av-Azure-Egress-Firenet-159869/providers/Microsoft.Network/virtualNetworks/Azure-Egress-Firenet/subnets/Azure-Egress-Firenet-Public-FW-ingress-egress-1"
              },
              {
                "cidr": "10.32.0.16/28",
                "name": "Azure-Egress-Firenet-Public-FW-ingress-egress-2",
                "subnet_id": "/subscriptions/b9610730-43bd-4456-a9ae-803e441a8e3c/resourceGroups/rg-av-Azure-Egress-Firenet-159869/providers/Microsoft.Network/virtualNetworks/Azure-Egress-Firenet/subnets/Azure-Egress-Firenet-Public-FW-ingress-egress-2"
              },
              {
                "cidr": "10.32.0.32/28",
                "name": "Azure-Egress-Firenet-Public-gateway-and-firewall-mgmt-1",
                "subnet_id": "/subscriptions/b9610730-43bd-4456-a9ae-803e441a8e3c/resourceGroups/rg-av-Azure-Egress-Firenet-159869/providers/Microsoft.Network/virtualNetworks/Azure-Egress-Firenet/subnets/Azure-Egress-Firenet-Public-gateway-and-firewall-mgmt-1"
              },
              {
                "cidr": "10.32.0.48/28",
                "name": "Azure-Egress-Firenet-Public-gateway-and-firewall-mgmt-2",
                "subnet_id": "/subscriptions/b9610730-43bd-4456-a9ae-803e441a8e3c/resourceGroups/rg-av-Azure-Egress-Firenet-159869/providers/Microsoft.Network/virtualNetworks/Azure-Egress-Firenet/subnets/Azure-Egress-Firenet-Public-gateway-and-firewall-mgmt-2"
              }
            ],
            "region": "East US",
            "resource_group": "rg-av-Azure-Egress-Firenet-159869",
            "route_tables": [
              "av-gw-Azure-Egress-Firenet-GW-hagw-dmz-firewall:rg-av-Azure-Egress-Firenet-159869",
              "av-gw-Azure-Egress-Firenet-GW-hagw-dmz-firewall-lan:rg-av-Azure-Egress-Firenet-159869",
              "aviatrix-Azure-Egress-Firenet-gw_rtb:rg-av-Azure-Egress-Firenet-159869",
              "av-gw-Azure-Egress-Firenet-GW-dmz-firewall:rg-av-Azure-Egress-Firenet-159869",
              "av-gw-Azure-Egress-Firenet-GW-dmz-firewall-lan:rg-av-Azure-Egress-Firenet-159869"
            ],
            "subnet_size": null,
            "subnets": [
              {
                "cidr": "10.32.0.0/28",
                "name": "Azure-Egress-Firenet-Public-FW-ingress-egress-1",
                "region": "",
                "subnet_id": "/subscriptions/b9610730-43bd-4456-a9ae-803e441a8e3c/resourceGroups/rg-av-Azure-Egress-Firenet-159869/providers/Microsoft.Network/virtualNetworks/Azure-Egress-Firenet/subnets/Azure-Egress-Firenet-Public-FW-ingress-egress-1"
              },
              {
                "cidr": "10.32.0.16/28",
                "name": "Azure-Egress-Firenet-Public-FW-ingress-egress-2",
                "region": "",
                "subnet_id": "/subscriptions/b9610730-43bd-4456-a9ae-803e441a8e3c/resourceGroups/rg-av-Azure-Egress-Firenet-159869/providers/Microsoft.Network/virtualNetworks/Azure-Egress-Firenet/subnets/Azure-Egress-Firenet-Public-FW-ingress-egress-2"
              },
              {
                "cidr": "10.32.0.32/28",
                "name": "Azure-Egress-Firenet-Public-gateway-and-firewall-mgmt-1",
                "region": "",
                "subnet_id": "/subscriptions/b9610730-43bd-4456-a9ae-803e441a8e3c/resourceGroups/rg-av-Azure-Egress-Firenet-159869/providers/Microsoft.Network/virtualNetworks/Azure-Egress-Firenet/subnets/Azure-Egress-Firenet-Public-gateway-and-firewall-mgmt-1"
              },
              {
                "cidr": "10.32.0.48/28",
                "name": "Azure-Egress-Firenet-Public-gateway-and-firewall-mgmt-2",
                "region": "",
                "subnet_id": "/subscriptions/b9610730-43bd-4456-a9ae-803e441a8e3c/resourceGroups/rg-av-Azure-Egress-Firenet-159869/providers/Microsoft.Network/virtualNetworks/Azure-Egress-Firenet/subnets/Azure-Egress-Firenet-Public-gateway-and-firewall-mgmt-2"
              }
            ],
            "vpc_id": "Azure-Egress-Firenet:rg-av-Azure-Egress-Firenet-159869:b5b0f8f7-8ccd-47ca-8dcb-aff634a4befb"
          },
          "sensitive_attributes": [],
          "private": "eyJzY2hlbWFfdmVyc2lvbiI6IjEifQ=="
        }
      ]
    },
    {
      "mode": "managed",
      "type": "aviatrix_vpc",
      "name": "Azure_Prod",
      "provider": "provider[\"registry.terraform.io/aviatrixsystems/aviatrix\"]",
      "instances": [
        {
          "schema_version": 1,
          "attributes": {
            "account_name": "Azure",
            "availability_domains": [],
            "aviatrix_firenet_vpc": false,
            "aviatrix_transit_vpc": false,
            "azure_vnet_resource_id": "/subscriptions/b9610730-43bd-4456-a9ae-803e441a8e3c/resourceGroups/rg-av-Azure-Prod-000553/providers/Microsoft.Network/virtualNetworks/Azure-Prod",
            "cidr": "10.40.1.0/24",
            "cloud_type": 8,
            "enable_native_gwlb": false,
            "enable_private_oob_subnet": false,
            "fault_domains": [],
            "id": "Azure-Prod",
            "name": "Azure-Prod",
            "num_of_subnet_pairs": null,
            "private_subnets": [
              {
                "cidr": "10.40.1.32/28",
                "name": "Azure-Prod-Private-subnet-1",
                "subnet_id": "/subscriptions/b9610730-43bd-4456-a9ae-803e441a8e3c/resourceGroups/rg-av-Azure-Prod-000553/providers/Microsoft.Network/virtualNetworks/Azure-Prod/subnets/Azure-Prod-Private-subnet-1"
              },
              {
                "cidr": "10.40.1.64/28",
                "name": "Azure-Prod-Private-subnet-2",
                "subnet_id": "/subscriptions/b9610730-43bd-4456-a9ae-803e441a8e3c/resourceGroups/rg-av-Azure-Prod-000553/providers/Microsoft.Network/virtualNetworks/Azure-Prod/subnets/Azure-Prod-Private-subnet-2"
              }
            ],
            "public_subnets": [
              {
                "cidr": "10.40.1.0/28",
                "name": "Azure-Prod-Public-gateway-subnet-1",
                "subnet_id": "/subscriptions/b9610730-43bd-4456-a9ae-803e441a8e3c/resourceGroups/rg-av-Azure-Prod-000553/providers/Microsoft.Network/virtualNetworks/Azure-Prod/subnets/Azure-Prod-Public-gateway-subnet-1"
              },
              {
                "cidr": "10.40.1.16/28",
                "name": "Azure-Prod-Public-subnet-1",
                "subnet_id": "/subscriptions/b9610730-43bd-4456-a9ae-803e441a8e3c/resourceGroups/rg-av-Azure-Prod-000553/providers/Microsoft.Network/virtualNetworks/Azure-Prod/subnets/Azure-Prod-Public-subnet-1"
              },
              {
                "cidr": "10.40.1.48/28",
                "name": "Azure-Prod-Public-subnet-2",
                "subnet_id": "/subscriptions/b9610730-43bd-4456-a9ae-803e441a8e3c/resourceGroups/rg-av-Azure-Prod-000553/providers/Microsoft.Network/virtualNetworks/Azure-Prod/subnets/Azure-Prod-Public-subnet-2"
              }
            ],
            "region": "East US",
            "resource_group": "rg-av-Azure-Prod-000553",
            "route_tables": [
              "Azure-Prod-Private-subnet-2-rtb:rg-av-Azure-Prod-000553",
              "Azure-Prod-Public-subnet-2-rtb:rg-av-Azure-Prod-000553",
              "Azure-Prod-Public-subnet-1-rtb:rg-av-Azure-Prod-000553",
              "Azure-Prod---10-20-30-9-public:rg-av-Azure-Prod-000553",
              "Azure-Prod-Private-subnet-1-rtb:rg-av-Azure-Prod-000553"
            ],
            "subnet_size": null,
            "subnets": [
              {
                "cidr": "10.40.1.0/28",
                "name": "Azure-Prod-Public-gateway-subnet-1",
                "region": "",
                "subnet_id": "/subscriptions/b9610730-43bd-4456-a9ae-803e441a8e3c/resourceGroups/rg-av-Azure-Prod-000553/providers/Microsoft.Network/virtualNetworks/Azure-Prod/subnets/Azure-Prod-Public-gateway-subnet-1"
              },
              {
                "cidr": "10.40.1.16/28",
                "name": "Azure-Prod-Public-subnet-1",
                "region": "",
                "subnet_id": "/subscriptions/b9610730-43bd-4456-a9ae-803e441a8e3c/resourceGroups/rg-av-Azure-Prod-000553/providers/Microsoft.Network/virtualNetworks/Azure-Prod/subnets/Azure-Prod-Public-subnet-1"
              },
              {
                "cidr": "10.40.1.48/28",
                "name": "Azure-Prod-Public-subnet-2",
                "region": "",
                "subnet_id": "/subscriptions/b9610730-43bd-4456-a9ae-803e441a8e3c/resourceGroups/rg-av-Azure-Prod-000553/providers/Microsoft.Network/virtualNetworks/Azure-Prod/subnets/Azure-Prod-Public-subnet-2"
              },
              {
                "cidr": "10.40.1.32/28",
                "name": "Azure-Prod-Private-subnet-1",
                "region": "",
                "subnet_id": "/subscriptions/b9610730-43bd-4456-a9ae-803e441a8e3c/resourceGroups/rg-av-Azure-Prod-000553/providers/Microsoft.Network/virtualNetworks/Azure-Prod/subnets/Azure-Prod-Private-subnet-1"
              },
              {
                "cidr": "10.40.1.64/28",
                "name": "Azure-Prod-Private-subnet-2",
                "region": "",
                "subnet_id": "/subscriptions/b9610730-43bd-4456-a9ae-803e441a8e3c/resourceGroups/rg-av-Azure-Prod-000553/providers/Microsoft.Network/virtualNetworks/Azure-Prod/subnets/Azure-Prod-Private-subnet-2"
              }
            ],
            "vpc_id": "Azure-Prod:rg-av-Azure-Prod-000553:983a0191-2c0c-4bcb-865a-035c9eb814a2"
          },
          "sensitive_attributes": [],
          "private": "eyJzY2hlbWFfdmVyc2lvbiI6IjEifQ=="
        }
      ]
    },
    {
      "mode": "managed",
      "type": "aviatrix_vpc",
      "name": "Azure_QandA",
      "provider": "provider[\"registry.terraform.io/aviatrixsystems/aviatrix\"]",
      "instances": [
        {
          "schema_version": 1,
          "attributes": {
            "account_name": "Azure",
            "availability_domains": [],
            "aviatrix_firenet_vpc": false,
            "aviatrix_transit_vpc": false,
            "azure_vnet_resource_id": "/subscriptions/b9610730-43bd-4456-a9ae-803e441a8e3c/resourceGroups/rg-av-Azure-QandA-261079/providers/Microsoft.Network/virtualNetworks/Azure-QandA",
            "cidr": "10.60.1.0/24",
            "cloud_type": 8,
            "enable_native_gwlb": false,
            "enable_private_oob_subnet": false,
            "fault_domains": [],
            "id": "Azure-QandA",
            "name": "Azure-QandA",
            "num_of_subnet_pairs": null,
            "private_subnets": [
              {
                "cidr": "10.60.1.32/28",
                "name": "Azure-QandA-Private-subnet-1",
                "subnet_id": "/subscriptions/b9610730-43bd-4456-a9ae-803e441a8e3c/resourceGroups/rg-av-Azure-QandA-261079/providers/Microsoft.Network/virtualNetworks/Azure-QandA/subnets/Azure-QandA-Private-subnet-1"
              },
              {
                "cidr": "10.60.1.64/28",
                "name": "Azure-QandA-Private-subnet-2",
                "subnet_id": "/subscriptions/b9610730-43bd-4456-a9ae-803e441a8e3c/resourceGroups/rg-av-Azure-QandA-261079/providers/Microsoft.Network/virtualNetworks/Azure-QandA/subnets/Azure-QandA-Private-subnet-2"
              }
            ],
            "public_subnets": [
              {
                "cidr": "10.60.1.0/28",
                "name": "Azure-QandA-Public-gateway-subnet-1",
                "subnet_id": "/subscriptions/b9610730-43bd-4456-a9ae-803e441a8e3c/resourceGroups/rg-av-Azure-QandA-261079/providers/Microsoft.Network/virtualNetworks/Azure-QandA/subnets/Azure-QandA-Public-gateway-subnet-1"
              },
              {
                "cidr": "10.60.1.16/28",
                "name": "Azure-QandA-Public-subnet-1",
                "subnet_id": "/subscriptions/b9610730-43bd-4456-a9ae-803e441a8e3c/resourceGroups/rg-av-Azure-QandA-261079/providers/Microsoft.Network/virtualNetworks/Azure-QandA/subnets/Azure-QandA-Public-subnet-1"
              },
              {
                "cidr": "10.60.1.48/28",
                "name": "Azure-QandA-Public-subnet-2",
                "subnet_id": "/subscriptions/b9610730-43bd-4456-a9ae-803e441a8e3c/resourceGroups/rg-av-Azure-QandA-261079/providers/Microsoft.Network/virtualNetworks/Azure-QandA/subnets/Azure-QandA-Public-subnet-2"
              }
            ],
            "region": "East US",
            "resource_group": "rg-av-Azure-QandA-261079",
            "route_tables": [
              "Azure-QandA-Public-subnet-1-rtb:rg-av-Azure-QandA-261079",
              "Azure-QandA-Public-subnet-2-rtb:rg-av-Azure-QandA-261079",
              "Azure-QandA---10-20-30-9-public:rg-av-Azure-QandA-261079",
              "Azure-QandA-Private-subnet-1-rtb:rg-av-Azure-QandA-261079",
              "Azure-QandA-Private-subnet-2-rtb:rg-av-Azure-QandA-261079"
            ],
            "subnet_size": null,
            "subnets": [
              {
                "cidr": "10.60.1.0/28",
                "name": "Azure-QandA-Public-gateway-subnet-1",
                "region": "",
                "subnet_id": "/subscriptions/b9610730-43bd-4456-a9ae-803e441a8e3c/resourceGroups/rg-av-Azure-QandA-261079/providers/Microsoft.Network/virtualNetworks/Azure-QandA/subnets/Azure-QandA-Public-gateway-subnet-1"
              },
              {
                "cidr": "10.60.1.16/28",
                "name": "Azure-QandA-Public-subnet-1",
                "region": "",
                "subnet_id": "/subscriptions/b9610730-43bd-4456-a9ae-803e441a8e3c/resourceGroups/rg-av-Azure-QandA-261079/providers/Microsoft.Network/virtualNetworks/Azure-QandA/subnets/Azure-QandA-Public-subnet-1"
              },
              {
                "cidr": "10.60.1.48/28",
                "name": "Azure-QandA-Public-subnet-2",
                "region": "",
                "subnet_id": "/subscriptions/b9610730-43bd-4456-a9ae-803e441a8e3c/resourceGroups/rg-av-Azure-QandA-261079/providers/Microsoft.Network/virtualNetworks/Azure-QandA/subnets/Azure-QandA-Public-subnet-2"
              },
              {
                "cidr": "10.60.1.32/28",
                "name": "Azure-QandA-Private-subnet-1",
                "region": "",
                "subnet_id": "/subscriptions/b9610730-43bd-4456-a9ae-803e441a8e3c/resourceGroups/rg-av-Azure-QandA-261079/providers/Microsoft.Network/virtualNetworks/Azure-QandA/subnets/Azure-QandA-Private-subnet-1"
              },
              {
                "cidr": "10.60.1.64/28",
                "name": "Azure-QandA-Private-subnet-2",
                "region": "",
                "subnet_id": "/subscriptions/b9610730-43bd-4456-a9ae-803e441a8e3c/resourceGroups/rg-av-Azure-QandA-261079/providers/Microsoft.Network/virtualNetworks/Azure-QandA/subnets/Azure-QandA-Private-subnet-2"
              }
            ],
            "vpc_id": "Azure-QandA:rg-av-Azure-QandA-261079:7e3dd38c-5599-4297-ac9e-0baea3b98d8d"
          },
          "sensitive_attributes": [],
          "private": "eyJzY2hlbWFfdmVyc2lvbiI6IjEifQ=="
        }
      ]
    },
    {
      "mode": "managed",
      "type": "aviatrix_vpc",
      "name": "Azure_Shared",
      "provider": "provider[\"registry.terraform.io/aviatrixsystems/aviatrix\"]",
      "instances": [
        {
          "schema_version": 1,
          "attributes": {
            "account_name": "Azure",
            "availability_domains": [],
            "aviatrix_firenet_vpc": false,
            "aviatrix_transit_vpc": false,
            "azure_vnet_resource_id": "/subscriptions/b9610730-43bd-4456-a9ae-803e441a8e3c/resourceGroups/rg-av-Azure-Shared-862042/providers/Microsoft.Network/virtualNetworks/Azure-Shared",
            "cidr": "10.30.1.0/24",
            "cloud_type": 8,
            "enable_native_gwlb": false,
            "enable_private_oob_subnet": false,
            "fault_domains": [],
            "id": "Azure-Shared",
            "name": "Azure-Shared",
            "num_of_subnet_pairs": null,
            "private_subnets": [
              {
                "cidr": "10.30.1.32/28",
                "name": "Azure-Shared-Private-subnet-1",
                "subnet_id": "/subscriptions/b9610730-43bd-4456-a9ae-803e441a8e3c/resourceGroups/rg-av-Azure-Shared-862042/providers/Microsoft.Network/virtualNetworks/Azure-Shared/subnets/Azure-Shared-Private-subnet-1"
              },
              {
                "cidr": "10.30.1.64/28",
                "name": "Azure-Shared-Private-subnet-2",
                "subnet_id": "/subscriptions/b9610730-43bd-4456-a9ae-803e441a8e3c/resourceGroups/rg-av-Azure-Shared-862042/providers/Microsoft.Network/virtualNetworks/Azure-Shared/subnets/Azure-Shared-Private-subnet-2"
              }
            ],
            "public_subnets": [
              {
                "cidr": "10.30.1.0/28",
                "name": "Azure-Shared-Public-gateway-subnet-1",
                "subnet_id": "/subscriptions/b9610730-43bd-4456-a9ae-803e441a8e3c/resourceGroups/rg-av-Azure-Shared-862042/providers/Microsoft.Network/virtualNetworks/Azure-Shared/subnets/Azure-Shared-Public-gateway-subnet-1"
              },
              {
                "cidr": "10.30.1.16/28",
                "name": "Azure-Shared-Public-subnet-1",
                "subnet_id": "/subscriptions/b9610730-43bd-4456-a9ae-803e441a8e3c/resourceGroups/rg-av-Azure-Shared-862042/providers/Microsoft.Network/virtualNetworks/Azure-Shared/subnets/Azure-Shared-Public-subnet-1"
              },
              {
                "cidr": "10.30.1.48/28",
                "name": "Azure-Shared-Public-subnet-2",
                "subnet_id": "/subscriptions/b9610730-43bd-4456-a9ae-803e441a8e3c/resourceGroups/rg-av-Azure-Shared-862042/providers/Microsoft.Network/virtualNetworks/Azure-Shared/subnets/Azure-Shared-Public-subnet-2"
              }
            ],
            "region": "East US",
            "resource_group": "rg-av-Azure-Shared-862042",
            "route_tables": [
              "Azure-Shared-Private-subnet-1-rtb:rg-av-Azure-Shared-862042",
              "Azure-Shared-Public-subnet-1-rtb:rg-av-Azure-Shared-862042",
              "Azure-Shared-Public-subnet-2-rtb:rg-av-Azure-Shared-862042",
              "Azure-Shared---10-20-30-9-public:rg-av-Azure-Shared-862042",
              "Azure-Shared-Private-subnet-2-rtb:rg-av-Azure-Shared-862042"
            ],
            "subnet_size": null,
            "subnets": [
              {
                "cidr": "10.30.1.0/28",
                "name": "Azure-Shared-Public-gateway-subnet-1",
                "region": "",
                "subnet_id": "/subscriptions/b9610730-43bd-4456-a9ae-803e441a8e3c/resourceGroups/rg-av-Azure-Shared-862042/providers/Microsoft.Network/virtualNetworks/Azure-Shared/subnets/Azure-Shared-Public-gateway-subnet-1"
              },
              {
                "cidr": "10.30.1.16/28",
                "name": "Azure-Shared-Public-subnet-1",
                "region": "",
                "subnet_id": "/subscriptions/b9610730-43bd-4456-a9ae-803e441a8e3c/resourceGroups/rg-av-Azure-Shared-862042/providers/Microsoft.Network/virtualNetworks/Azure-Shared/subnets/Azure-Shared-Public-subnet-1"
              },
              {
                "cidr": "10.30.1.48/28",
                "name": "Azure-Shared-Public-subnet-2",
                "region": "",
                "subnet_id": "/subscriptions/b9610730-43bd-4456-a9ae-803e441a8e3c/resourceGroups/rg-av-Azure-Shared-862042/providers/Microsoft.Network/virtualNetworks/Azure-Shared/subnets/Azure-Shared-Public-subnet-2"
              },
              {
                "cidr": "10.30.1.32/28",
                "name": "Azure-Shared-Private-subnet-1",
                "region": "",
                "subnet_id": "/subscriptions/b9610730-43bd-4456-a9ae-803e441a8e3c/resourceGroups/rg-av-Azure-Shared-862042/providers/Microsoft.Network/virtualNetworks/Azure-Shared/subnets/Azure-Shared-Private-subnet-1"
              },
              {
                "cidr": "10.30.1.64/28",
                "name": "Azure-Shared-Private-subnet-2",
                "region": "",
                "subnet_id": "/subscriptions/b9610730-43bd-4456-a9ae-803e441a8e3c/resourceGroups/rg-av-Azure-Shared-862042/providers/Microsoft.Network/virtualNetworks/Azure-Shared/subnets/Azure-Shared-Private-subnet-2"
              }
            ],
            "vpc_id": "Azure-Shared:rg-av-Azure-Shared-862042:9c026ecc-da7c-4861-ba02-8a3cdb0278a3"
          },
          "sensitive_attributes": [],
          "private": "eyJzY2hlbWFfdmVyc2lvbiI6IjEifQ=="
        }
      ]
    },
    {
      "mode": "managed",
      "type": "aviatrix_vpc",
      "name": "Azure_Transit_Firenet",
      "provider": "provider[\"registry.terraform.io/aviatrixsystems/aviatrix\"]",
      "instances": [
        {
          "schema_version": 1,
          "attributes": {
            "account_name": "Azure",
            "availability_domains": [],
            "aviatrix_firenet_vpc": true,
            "aviatrix_transit_vpc": false,
            "azure_vnet_resource_id": "/subscriptions/b9610730-43bd-4456-a9ae-803e441a8e3c/resourceGroups/rg-av-Azure-Transit-Firenet-266478/providers/Microsoft.Network/virtualNetworks/Azure-Transit-Firenet",
            "cidr": "10.31.0.0/16",
            "cloud_type": 8,
            "enable_native_gwlb": false,
            "enable_private_oob_subnet": false,
            "fault_domains": [],
            "id": "Azure-Transit-Firenet",
            "name": "Azure-Transit-Firenet",
            "num_of_subnet_pairs": null,
            "private_subnets": [],
            "public_subnets": [
              {
                "cidr": "10.31.0.0/28",
                "name": "Azure-Transit-Firenet-Public-FW-ingress-egress-1",
                "subnet_id": "/subscriptions/b9610730-43bd-4456-a9ae-803e441a8e3c/resourceGroups/rg-av-Azure-Transit-Firenet-266478/providers/Microsoft.Network/virtualNetworks/Azure-Transit-Firenet/subnets/Azure-Transit-Firenet-Public-FW-ingress-egress-1"
              },
              {
                "cidr": "10.31.0.16/28",
                "name": "Azure-Transit-Firenet-Public-FW-ingress-egress-2",
                "subnet_id": "/subscriptions/b9610730-43bd-4456-a9ae-803e441a8e3c/resourceGroups/rg-av-Azure-Transit-Firenet-266478/providers/Microsoft.Network/virtualNetworks/Azure-Transit-Firenet/subnets/Azure-Transit-Firenet-Public-FW-ingress-egress-2"
              },
              {
                "cidr": "10.31.0.32/28",
                "name": "Azure-Transit-Firenet-Public-gateway-and-firewall-mgmt-1",
                "subnet_id": "/subscriptions/b9610730-43bd-4456-a9ae-803e441a8e3c/resourceGroups/rg-av-Azure-Transit-Firenet-266478/providers/Microsoft.Network/virtualNetworks/Azure-Transit-Firenet/subnets/Azure-Transit-Firenet-Public-gateway-and-firewall-mgmt-1"
              },
              {
                "cidr": "10.31.0.48/28",
                "name": "Azure-Transit-Firenet-Public-gateway-and-firewall-mgmt-2",
                "subnet_id": "/subscriptions/b9610730-43bd-4456-a9ae-803e441a8e3c/resourceGroups/rg-av-Azure-Transit-Firenet-266478/providers/Microsoft.Network/virtualNetworks/Azure-Transit-Firenet/subnets/Azure-Transit-Firenet-Public-gateway-and-firewall-mgmt-2"
              }
            ],
            "region": "East US",
            "resource_group": "rg-av-Azure-Transit-Firenet-266478",
            "route_tables": [
              "av-gw-Azure-Transit-Firenet-GW-dmz-firewall:rg-av-Azure-Transit-Firenet-266478",
              "av-gw-Azure-Transit-Firenet-GW-hagw-dmz-firewall:rg-av-Azure-Transit-Firenet-266478",
              "av-gw-Azure-Transit-Firenet-GW-dmz-firewall-lan:rg-av-Azure-Transit-Firenet-266478",
              "av-gw-Azure-Transit-Firenet-GW-hagw-dmz-firewall-lan:rg-av-Azure-Transit-Firenet-266478",
              "aviatrix-Azure-Transit-Firenet-gw_rtb:rg-av-Azure-Transit-Firenet-266478"
            ],
            "subnet_size": null,
            "subnets": [
              {
                "cidr": "10.31.0.0/28",
                "name": "Azure-Transit-Firenet-Public-FW-ingress-egress-1",
                "region": "",
                "subnet_id": "/subscriptions/b9610730-43bd-4456-a9ae-803e441a8e3c/resourceGroups/rg-av-Azure-Transit-Firenet-266478/providers/Microsoft.Network/virtualNetworks/Azure-Transit-Firenet/subnets/Azure-Transit-Firenet-Public-FW-ingress-egress-1"
              },
              {
                "cidr": "10.31.0.16/28",
                "name": "Azure-Transit-Firenet-Public-FW-ingress-egress-2",
                "region": "",
                "subnet_id": "/subscriptions/b9610730-43bd-4456-a9ae-803e441a8e3c/resourceGroups/rg-av-Azure-Transit-Firenet-266478/providers/Microsoft.Network/virtualNetworks/Azure-Transit-Firenet/subnets/Azure-Transit-Firenet-Public-FW-ingress-egress-2"
              },
              {
                "cidr": "10.31.0.32/28",
                "name": "Azure-Transit-Firenet-Public-gateway-and-firewall-mgmt-1",
                "region": "",
                "subnet_id": "/subscriptions/b9610730-43bd-4456-a9ae-803e441a8e3c/resourceGroups/rg-av-Azure-Transit-Firenet-266478/providers/Microsoft.Network/virtualNetworks/Azure-Transit-Firenet/subnets/Azure-Transit-Firenet-Public-gateway-and-firewall-mgmt-1"
              },
              {
                "cidr": "10.31.0.48/28",
                "name": "Azure-Transit-Firenet-Public-gateway-and-firewall-mgmt-2",
                "region": "",
                "subnet_id": "/subscriptions/b9610730-43bd-4456-a9ae-803e441a8e3c/resourceGroups/rg-av-Azure-Transit-Firenet-266478/providers/Microsoft.Network/virtualNetworks/Azure-Transit-Firenet/subnets/Azure-Transit-Firenet-Public-gateway-and-firewall-mgmt-2"
              }
            ],
            "vpc_id": "Azure-Transit-Firenet:rg-av-Azure-Transit-Firenet-266478:32fe5d91-7e8b-4733-918c-735cc1c0f838"
          },
          "sensitive_attributes": [],
          "private": "eyJzY2hlbWFfdmVyc2lvbiI6IjEifQ=="
        }
      ]
    }
  ]
}
